
Microsoft Visual Studio Solution File, Format Version 12.00
Project("{FAE04EC0-301F-11D3-BF4B-00C04F79EFBC}") = "NeoKolors.Test", "NeoKolors.Test\NeoKolors.Test.csproj", "{65CB564B-D10A-4D0C-87DF-EC51B0BD8302}"
EndProject
Project("{FAE04EC0-301F-11D3-BF4B-00C04F79EFBC}") = "NeoKolors.Common", "NeoKolors.Common\NeoKolors.Common.csproj", "{8CE325AA-2CD8-439D-9D65-829BD25CED58}"
EndProject
Project("{FAE04EC0-301F-11D3-BF4B-00C04F79EFBC}") = "NeoKolors.Console", "NeoKolors.Console\NeoKolors.Console.csproj", "{583810FB-61A7-4F9A-AEAB-6FF8ACE3D97A}"
EndProject
Project("{FAE04EC0-301F-11D3-BF4B-00C04F79EFBC}") = "NeoKolors.Settings", "NeoKolors.Settings\NeoKolors.Settings.csproj", "{57477A7B-7C45-441F-AD70-EA571BFB0C0A}"
EndProject
Project("{FAE04EC0-301F-11D3-BF4B-00C04F79EFBC}") = "NeoKolors.ConsoleGraphics", "NeoKolors.ConsoleGraphics\NeoKolors.ConsoleGraphics.csproj", "{76EFDE17-CC24-43A5-8F33-F82C4420C60B}"
EndProject
Global
	GlobalSection(SolutionConfigurationPlatforms) = preSolution
		Debug|Any CPU = Debug|Any CPU
		Release|Any CPU = Release|Any CPU
	EndGlobalSection
	GlobalSection(ProjectConfigurationPlatforms) = postSolution
		{65CB564B-D10A-4D0C-87DF-EC51B0BD8302}.Debug|Any CPU.ActiveCfg = Debug|Any CPU
		{65CB564B-D10A-4D0C-87DF-EC51B0BD8302}.Debug|Any CPU.Build.0 = Debug|Any CPU
		{65CB564B-D10A-4D0C-87DF-EC51B0BD8302}.Release|Any CPU.ActiveCfg = Release|Any CPU
		{65CB564B-D10A-4D0C-87DF-EC51B0BD8302}.Release|Any CPU.Build.0 = Release|Any CPU
		{8CE325AA-2CD8-439D-9D65-829BD25CED58}.Debug|Any CPU.ActiveCfg = Release|Any CPU
		{8CE325AA-2CD8-439D-9D65-829BD25CED58}.Debug|Any CPU.Build.0 = Release|Any CPU
		{583810FB-61A7-4F9A-AEAB-6FF8ACE3D97A}.Debug|Any CPU.ActiveCfg = Release|Any CPU
		{583810FB-61A7-4F9A-AEAB-6FF8ACE3D97A}.Debug|Any CPU.Build.0 = Release|Any CPU
		{76EFDE17-CC24-43A5-8F33-F82C4420C60B}.Debug|Any CPU.ActiveCfg = Release|Any CPU
		{76EFDE17-CC24-43A5-8F33-F82C4420C60B}.Debug|Any CPU.Build.0 = Release|Any CPU
		{57477A7B-7C45-441F-AD70-EA571BFB0C0A}.Debug|Any CPU.ActiveCfg = Release|Any CPU
		{57477A7B-7C45-441F-AD70-EA571BFB0C0A}.Debug|Any CPU.Build.0 = Release|Any CPU
	EndGlobalSection
EndGlobal
