
Microsoft Visual Studio Solution File, Format Version 12.00
# Visual Studio Version 17
VisualStudioVersion = 17.9.34622.214
MinimumVisualStudioVersion = 10.0.40219.1
Project("{FAE04EC0-301F-11D3-BF4B-00C04F79EFBC}") = "NeoKolors.Common", "NeoKolors.Common\NeoKolors.Common.csproj", "{30D94294-5495-4A54-AD97-7454B5DEC95B}"
EndProject
Project("{FAE04EC0-301F-11D3-BF4B-00C04F79EFBC}") = "NeoKolors.Console", "NeoKolors.Console\NeoKolors.Console.csproj", "{5EA8B789-7D37-4BBB-A65A-B118439C983D}"
EndProject
Project("{FAE04EC0-301F-11D3-BF4B-00C04F79EFBC}") = "NeoKolors.Tui", "NeoKolors.Tui\NeoKolors.Tui.csproj", "{569CB522-37A2-4ADD-B77C-E12ED5340389}"
EndProject
Project("{FAE04EC0-301F-11D3-BF4B-00C04F79EFBC}") = "NeoKolors.Settings", "NeoKolors.Settings\NeoKolors.Settings.csproj", "{A06D56CC-BF25-442A-95EC-ABBB2F767B73}"
EndProject
Project("{2150E333-8FDC-42A3-9474-1A3956D46DE8}") = "Examples", "Examples", "{3D201F00-68C6-44B5-84BD-C226D48E2F67}"
EndProject
Project("{FAE04EC0-301F-11D3-BF4B-00C04F79EFBC}") = "Testing", "Examples\Testing\Testing.csproj", "{A39FFB2D-9365-4708-B0F0-AFFA2636B91A}"
EndProject
Project("{FAE04EC0-301F-11D3-BF4B-00C04F79EFBC}") = "Ascii", "Examples\Ascii\Ascii.csproj", "{74E8F8C0-ACDB-44CD-8F0C-3C5F9E67C781}"
EndProject
Project("{FAE04EC0-301F-11D3-BF4B-00C04F79EFBC}") = "WeekNumber", "Examples\WeekNumber\WeekNumber.csproj", "{41810B97-448C-4EFD-BCF9-1FB2BBBA88CA}"
EndProject
Project("{FAE04EC0-301F-11D3-BF4B-00C04F79EFBC}") = "NeoKolors.Common.Tests", "NeoKolors.Common.Tests\NeoKolors.Common.Tests.csproj", "{811FA8B8-D174-4A6F-9A1C-B5CA6D72C4A7}"
EndProject
Project("{FAE04EC0-301F-11D3-BF4B-00C04F79EFBC}") = "NeoKolors.Console.Tests", "NeoKolors.Console.Tests\NeoKolors.Console.Tests.csproj", "{58CDE33E-5CD5-4399-B7EA-0B711F2EDCCA}"
EndProject
Project("{FAE04EC0-301F-11D3-BF4B-00C04F79EFBC}") = "NeoKolors.Settings.Tests", "NeoKolors.Settings.Tests\NeoKolors.Settings.Tests.csproj", "{7792E1F9-14D2-4D73-91E5-4227F9E1AD1F}"
EndProject
Project("{FAE04EC0-301F-11D3-BF4B-00C04F79EFBC}") = "NeoKolors.Tui.Tests", "NeoKolors.Tui.Tests\NeoKolors.Tui.Tests.csproj", "{A6BDA12D-18B6-4A75-B38C-FC04F48A4904}"
EndProject
Project("{FAE04EC0-301F-11D3-BF4B-00C04F79EFBC}") = "Neofetch", "Examples\Neofetch\Neofetch.csproj", "{99E18F4D-6F52-402C-9D3A-9D74CD18E6B2}"
EndProject
Project("{FAE04EC0-301F-11D3-BF4B-00C04F79EFBC}") = "NeoKolors.Extensions", "NeoKolors.Extensions\NeoKolors.Extensions.csproj", "{DD44C85C-5A8C-4BCB-8F72-830D4EA64C55}"
EndProject
Project("{FAE04EC0-301F-11D3-BF4B-00C04F79EFBC}") = "NeoKolors.Extensions.Tests", "NeoKolors.Extensions.Tests\NeoKolors.Extensions.Tests.csproj", "{F930C9E9-068D-440F-AB3A-558DDB6B4342}"
EndProject
Global
	GlobalSection(SolutionConfigurationPlatforms) = preSolution
		Debug|Any CPU = Debug|Any CPU
		Release|Any CPU = Release|Any CPU
		WIP|Any CPU = WIP|Any CPU
	EndGlobalSection
	GlobalSection(ProjectConfigurationPlatforms) = postSolution
		{30D94294-5495-4A54-AD97-7454B5DEC95B}.Debug|Any CPU.ActiveCfg = Debug|Any CPU
		{30D94294-5495-4A54-AD97-7454B5DEC95B}.Debug|Any CPU.Build.0 = Debug|Any CPU
		{30D94294-5495-4A54-AD97-7454B5DEC95B}.Release|Any CPU.ActiveCfg = Release|Any CPU
		{30D94294-5495-4A54-AD97-7454B5DEC95B}.Release|Any CPU.Build.0 = Release|Any CPU
		{30D94294-5495-4A54-AD97-7454B5DEC95B}.WIP|Any CPU.ActiveCfg = WIP|Any CPU
		{30D94294-5495-4A54-AD97-7454B5DEC95B}.WIP|Any CPU.Build.0 = WIP|Any CPU
		{5EA8B789-7D37-4BBB-A65A-B118439C983D}.Debug|Any CPU.ActiveCfg = Debug|Any CPU
		{5EA8B789-7D37-4BBB-A65A-B118439C983D}.Debug|Any CPU.Build.0 = Debug|Any CPU
		{5EA8B789-7D37-4BBB-A65A-B118439C983D}.Release|Any CPU.ActiveCfg = Release|Any CPU
		{5EA8B789-7D37-4BBB-A65A-B118439C983D}.Release|Any CPU.Build.0 = Release|Any CPU
		{5EA8B789-7D37-4BBB-A65A-B118439C983D}.WIP|Any CPU.ActiveCfg = WIP|Any CPU
		{5EA8B789-7D37-4BBB-A65A-B118439C983D}.WIP|Any CPU.Build.0 = WIP|Any CPU
		{569CB522-37A2-4ADD-B77C-E12ED5340389}.Debug|Any CPU.ActiveCfg = Debug|Any CPU
		{569CB522-37A2-4ADD-B77C-E12ED5340389}.Debug|Any CPU.Build.0 = Debug|Any CPU
		{569CB522-37A2-4ADD-B77C-E12ED5340389}.Release|Any CPU.ActiveCfg = Release|Any CPU
		{569CB522-37A2-4ADD-B77C-E12ED5340389}.Release|Any CPU.Build.0 = Release|Any CPU
		{569CB522-37A2-4ADD-B77C-E12ED5340389}.WIP|Any CPU.ActiveCfg = WIP|Any CPU
		{569CB522-37A2-4ADD-B77C-E12ED5340389}.WIP|Any CPU.Build.0 = WIP|Any CPU
		{A06D56CC-BF25-442A-95EC-ABBB2F767B73}.Debug|Any CPU.ActiveCfg = Debug|Any CPU
		{A06D56CC-BF25-442A-95EC-ABBB2F767B73}.Debug|Any CPU.Build.0 = Debug|Any CPU
		{A06D56CC-BF25-442A-95EC-ABBB2F767B73}.Release|Any CPU.ActiveCfg = Release|Any CPU
		{A06D56CC-BF25-442A-95EC-ABBB2F767B73}.Release|Any CPU.Build.0 = Release|Any CPU
		{A06D56CC-BF25-442A-95EC-ABBB2F767B73}.WIP|Any CPU.ActiveCfg = WIP|Any CPU
		{A06D56CC-BF25-442A-95EC-ABBB2F767B73}.WIP|Any CPU.Build.0 = WIP|Any CPU
		{A39FFB2D-9365-4708-B0F0-AFFA2636B91A}.Debug|Any CPU.ActiveCfg = Debug|Any CPU
		{A39FFB2D-9365-4708-B0F0-AFFA2636B91A}.Debug|Any CPU.Build.0 = Debug|Any CPU
		{A39FFB2D-9365-4708-B0F0-AFFA2636B91A}.Release|Any CPU.ActiveCfg = Release|Any CPU
		{A39FFB2D-9365-4708-B0F0-AFFA2636B91A}.Release|Any CPU.Build.0 = Release|Any CPU
		{A39FFB2D-9365-4708-B0F0-AFFA2636B91A}.WIP|Any CPU.ActiveCfg = WIP|Any CPU
		{A39FFB2D-9365-4708-B0F0-AFFA2636B91A}.WIP|Any CPU.Build.0 = WIP|Any CPU
		{74E8F8C0-ACDB-44CD-8F0C-3C5F9E67C781}.Debug|Any CPU.ActiveCfg = Debug|Any CPU
		{74E8F8C0-ACDB-44CD-8F0C-3C5F9E67C781}.Debug|Any CPU.Build.0 = Debug|Any CPU
		{74E8F8C0-ACDB-44CD-8F0C-3C5F9E67C781}.Release|Any CPU.ActiveCfg = Release|Any CPU
		{74E8F8C0-ACDB-44CD-8F0C-3C5F9E67C781}.Release|Any CPU.Build.0 = Release|Any CPU
		{74E8F8C0-ACDB-44CD-8F0C-3C5F9E67C781}.WIP|Any CPU.ActiveCfg = WIP|Any CPU
		{74E8F8C0-ACDB-44CD-8F0C-3C5F9E67C781}.WIP|Any CPU.Build.0 = WIP|Any CPU
		{41810B97-448C-4EFD-BCF9-1FB2BBBA88CA}.Debug|Any CPU.ActiveCfg = Debug|Any CPU
		{41810B97-448C-4EFD-BCF9-1FB2BBBA88CA}.Debug|Any CPU.Build.0 = Debug|Any CPU
		{41810B97-448C-4EFD-BCF9-1FB2BBBA88CA}.Release|Any CPU.ActiveCfg = Release|Any CPU
		{41810B97-448C-4EFD-BCF9-1FB2BBBA88CA}.Release|Any CPU.Build.0 = Release|Any CPU
		{41810B97-448C-4EFD-BCF9-1FB2BBBA88CA}.WIP|Any CPU.ActiveCfg = WIP|Any CPU
		{41810B97-448C-4EFD-BCF9-1FB2BBBA88CA}.WIP|Any CPU.Build.0 = WIP|Any CPU
		{811FA8B8-D174-4A6F-9A1C-B5CA6D72C4A7}.Debug|Any CPU.ActiveCfg = Debug|Any CPU
		{811FA8B8-D174-4A6F-9A1C-B5CA6D72C4A7}.Debug|Any CPU.Build.0 = Debug|Any CPU
		{811FA8B8-D174-4A6F-9A1C-B5CA6D72C4A7}.Release|Any CPU.ActiveCfg = Release|Any CPU
		{811FA8B8-D174-4A6F-9A1C-B5CA6D72C4A7}.Release|Any CPU.Build.0 = Release|Any CPU
		{811FA8B8-D174-4A6F-9A1C-B5CA6D72C4A7}.WIP|Any CPU.ActiveCfg = WIP|Any CPU
		{811FA8B8-D174-4A6F-9A1C-B5CA6D72C4A7}.WIP|Any CPU.Build.0 = WIP|Any CPU
		{58CDE33E-5CD5-4399-B7EA-0B711F2EDCCA}.Debug|Any CPU.ActiveCfg = Debug|Any CPU
		{58CDE33E-5CD5-4399-B7EA-0B711F2EDCCA}.Debug|Any CPU.Build.0 = Debug|Any CPU
		{58CDE33E-5CD5-4399-B7EA-0B711F2EDCCA}.Release|Any CPU.ActiveCfg = Release|Any CPU
		{58CDE33E-5CD5-4399-B7EA-0B711F2EDCCA}.Release|Any CPU.Build.0 = Release|Any CPU
		{58CDE33E-5CD5-4399-B7EA-0B711F2EDCCA}.WIP|Any CPU.ActiveCfg = WIP|Any CPU
		{58CDE33E-5CD5-4399-B7EA-0B711F2EDCCA}.WIP|Any CPU.Build.0 = WIP|Any CPU
		{7792E1F9-14D2-4D73-91E5-4227F9E1AD1F}.Debug|Any CPU.ActiveCfg = Debug|Any CPU
		{7792E1F9-14D2-4D73-91E5-4227F9E1AD1F}.Debug|Any CPU.Build.0 = Debug|Any CPU
		{7792E1F9-14D2-4D73-91E5-4227F9E1AD1F}.Release|Any CPU.ActiveCfg = Release|Any CPU
		{7792E1F9-14D2-4D73-91E5-4227F9E1AD1F}.Release|Any CPU.Build.0 = Release|Any CPU
		{7792E1F9-14D2-4D73-91E5-4227F9E1AD1F}.WIP|Any CPU.ActiveCfg = WIP|Any CPU
		{7792E1F9-14D2-4D73-91E5-4227F9E1AD1F}.WIP|Any CPU.Build.0 = WIP|Any CPU
		{A6BDA12D-18B6-4A75-B38C-FC04F48A4904}.Debug|Any CPU.ActiveCfg = Debug|Any CPU
		{A6BDA12D-18B6-4A75-B38C-FC04F48A4904}.Debug|Any CPU.Build.0 = Debug|Any CPU
		{A6BDA12D-18B6-4A75-B38C-FC04F48A4904}.Release|Any CPU.ActiveCfg = Release|Any CPU
		{A6BDA12D-18B6-4A75-B38C-FC04F48A4904}.Release|Any CPU.Build.0 = Release|Any CPU
		{A6BDA12D-18B6-4A75-B38C-FC04F48A4904}.WIP|Any CPU.ActiveCfg = WIP|Any CPU
		{A6BDA12D-18B6-4A75-B38C-FC04F48A4904}.WIP|Any CPU.Build.0 = WIP|Any CPU
		{99E18F4D-6F52-402C-9D3A-9D74CD18E6B2}.Debug|Any CPU.ActiveCfg = Debug|Any CPU
		{99E18F4D-6F52-402C-9D3A-9D74CD18E6B2}.Debug|Any CPU.Build.0 = Debug|Any CPU
		{99E18F4D-6F52-402C-9D3A-9D74CD18E6B2}.Release|Any CPU.ActiveCfg = Release|Any CPU
		{99E18F4D-6F52-402C-9D3A-9D74CD18E6B2}.Release|Any CPU.Build.0 = Release|Any CPU
		{99E18F4D-6F52-402C-9D3A-9D74CD18E6B2}.WIP|Any CPU.ActiveCfg = WIP|Any CPU
		{99E18F4D-6F52-402C-9D3A-9D74CD18E6B2}.WIP|Any CPU.Build.0 = WIP|Any CPU
		{DD44C85C-5A8C-4BCB-8F72-830D4EA64C55}.Debug|Any CPU.ActiveCfg = Debug|Any CPU
		{DD44C85C-5A8C-4BCB-8F72-830D4EA64C55}.Debug|Any CPU.Build.0 = Debug|Any CPU
		{DD44C85C-5A8C-4BCB-8F72-830D4EA64C55}.Release|Any CPU.ActiveCfg = Release|Any CPU
		{DD44C85C-5A8C-4BCB-8F72-830D4EA64C55}.Release|Any CPU.Build.0 = Release|Any CPU
		{DD44C85C-5A8C-4BCB-8F72-830D4EA64C55}.WIP|Any CPU.ActiveCfg = Debug|Any CPU
		{DD44C85C-5A8C-4BCB-8F72-830D4EA64C55}.WIP|Any CPU.Build.0 = Debug|Any CPU
		{F930C9E9-068D-440F-AB3A-558DDB6B4342}.Debug|Any CPU.ActiveCfg = Debug|Any CPU
		{F930C9E9-068D-440F-AB3A-558DDB6B4342}.Debug|Any CPU.Build.0 = Debug|Any CPU
		{F930C9E9-068D-440F-AB3A-558DDB6B4342}.Release|Any CPU.ActiveCfg = Release|Any CPU
		{F930C9E9-068D-440F-AB3A-558DDB6B4342}.Release|Any CPU.Build.0 = Release|Any CPU
		{F930C9E9-068D-440F-AB3A-558DDB6B4342}.WIP|Any CPU.ActiveCfg = Debug|Any CPU
		{F930C9E9-068D-440F-AB3A-558DDB6B4342}.WIP|Any CPU.Build.0 = Debug|Any CPU
	EndGlobalSection
	GlobalSection(SolutionProperties) = preSolution
		HideSolutionNode = FALSE
	EndGlobalSection
	GlobalSection(NestedProjects) = preSolution
		{A39FFB2D-9365-4708-B0F0-AFFA2636B91A} = {3D201F00-68C6-44B5-84BD-C226D48E2F67}
		{74E8F8C0-ACDB-44CD-8F0C-3C5F9E67C781} = {3D201F00-68C6-44B5-84BD-C226D48E2F67}
		{41810B97-448C-4EFD-BCF9-1FB2BBBA88CA} = {3D201F00-68C6-44B5-84BD-C226D48E2F67}
		{99E18F4D-6F52-402C-9D3A-9D74CD18E6B2} = {3D201F00-68C6-44B5-84BD-C226D48E2F67}
	EndGlobalSection
EndGlobal
