{
  "version": 1,
  "dependencies": {
    "net10.0": {
      "Microsoft.NET.Test.Sdk": {
        "type": "Direct",
        "requested": "[18.3.0, )",
        "resolved": "18.3.0",
        "contentHash": "xW3kXuWRQtgoxJp4J+gdhHSQyK+6Wb/AZDSd7lMvuMRYlZ1tnpkojyfZlWilB5G4dmZ0Y0ZxU/M23TlubndNkw==",
        "dependencies": {
          "Microsoft.CodeCoverage": "18.3.0",
          "Microsoft.TestPlatform.TestHost": "18.3.0"
        }
      },
      "xunit": {
        "type": "Direct",
        "requested": "[2.9.3, )",
        "resolved": "2.9.3",
        "contentHash": "TlXQBinK35LpOPKHAqbLY4xlEen9TBafjs0V5KnA4wZsoQLQJiirCR4CbIXvOH8NzkW4YeJKP5P/Bnrodm0h9Q==",
        "dependencies": {
          "xunit.analyzers": "1.18.0",
          "xunit.assert": "2.9.3",
          "xunit.core": "[2.9.3]"
        }
      },
      "xunit.runner.visualstudio": {
        "type": "Direct",
        "requested": "[3.1.5, )",
        "resolved": "3.1.5",
        "contentHash": "tKi7dSTwP4m5m9eXPM2Ime4Kn7xNf4x4zT9sdLO/G4hZVnQCRiMTWoSZqI/pYTVeI27oPPqHBKYI/DjJ9GsYgA=="
      },
      "Implyzer": {
        "type": "Transitive",
        "resolved": "2026.1.0",
        "contentHash": "1AzODnW/AbP+P/Lsdr+L9Tz5Y1sMJ6sLsDYVJSt881xFHFYIPcZ3EhjgccNW0In12DVuduI335ufBsWDrqidHg=="
      },
      "JetBrains.Annotations": {
        "type": "Transitive",
        "resolved": "2025.2.4",
        "contentHash": "TwbgxAkXxY+vNEhNVx/QXjJ4vqxmepOjsgRvvImQPbHkHMMb4W+ahL3laMsxXKtNT7iMy+E1B3xkqao2hf1n3A=="
      },
      "MessagePack": {
        "type": "Transitive",
        "resolved": "3.1.6",
        "contentHash": "c5M8C0Lrf6GdGiv01OCB86WEL5YDi7UdH5qsU+q7Q9WvqlhtE4kkJzzJpFufPbz+OULX8FGIB2qo/7CLQ6vizg==",
        "dependencies": {
          "MessagePack.Annotations": "3.1.6",
          "MessagePackAnalyzer": "3.1.6",
          "Microsoft.NET.StringTools": "17.11.4"
        }
      },
      "MessagePack.Annotations": {
        "type": "Transitive",
        "resolved": "3.1.6",
        "contentHash": "d0r/B7v1frvN6ElIgp5J5/cHeLADOK21qieHutimUpCWGcjhzOJV9glrItZO4E3dUcriMKX3Swsee3rFx9ouOw=="
      },
      "MessagePackAnalyzer": {
        "type": "Transitive",
        "resolved": "3.1.6",
        "contentHash": "7Ewqh8D5dAnF4XWy0q76eYFdNLIpDvQqLQOTfrWAGA35ARUB65mrrIES+J5Kw2FVwZGTjudeWh2FB89TC4YMyg=="
      },
      "Metriks": {
        "type": "Transitive",
        "resolved": "2026.2.4.1",
        "contentHash": "Ll8nkh6w9XX26o2LlY6DzDIFd05e95wv+tFQIGPZY3lIsZIoMcG2AKgOl5G+27enzEUO8evhKdUZjt+NQENHng==",
        "dependencies": {
          "JetBrains.Annotations": "2025.2.4"
        }
      },
      "Microsoft.CodeCoverage": {
        "type": "Transitive",
        "resolved": "18.3.0",
        "contentHash": "23BNy/vziREC20Wwhb50K7+kZe0m07KlLWDQv4qjJ9tt3QjpDpDIqJFrhYHmMEo9xDkuSp55U/8h4bMF7MiB+g=="
      },
      "Microsoft.Extensions.DependencyInjection.Abstractions": {
        "type": "Transitive",
        "resolved": "10.0.3",
        "contentHash": "bwGMrRcAMWx2s/RDgja97p27rxSz2pEQW0+rX5cWAUWVETVJ/eyxGfjAl8vuG5a+lckWmPIE+vcuaZNVB5YDdw=="
      },
      "Microsoft.Extensions.Logging.Abstractions": {
        "type": "Transitive",
        "resolved": "10.0.3",
        "contentHash": "lxl0WLk7ROgBFAsjcOYjQ8/DVK+VMszxGBzUhgtQmAsTNldLL5pk9NG/cWTsXHq0lUhUEAtZkEE7jOGOA8bGKQ==",
        "dependencies": {
          "Microsoft.Extensions.DependencyInjection.Abstractions": "10.0.3"
        }
      },
      "Microsoft.NET.StringTools": {
        "type": "Transitive",
        "resolved": "17.11.4",
        "contentHash": "mudqUHhNpeqIdJoUx2YDWZO/I9uEDYVowan89R6wsomfnUJQk6HteoQTlNjZDixhT2B4IXMkMtgZtoceIjLRmA=="
      },
      "Microsoft.TestPlatform.ObjectModel": {
        "type": "Transitive",
        "resolved": "18.3.0",
        "contentHash": "AEIEX2aWdPO9XbtR96eBaJxmXRD9vaI9uQ1T/JbPEKlTAZwYx0ZrMzKyULMdh/HH9Sg03kXCoN7LszQ90o6nPQ=="
      },
      "Microsoft.TestPlatform.TestHost": {
        "type": "Transitive",
        "resolved": "18.3.0",
        "contentHash": "twmsoelXnp1uWMU3VGip9f0Jr1mZ0PZqgJdF35CIrdYgYrkHIJMV1m8uKyhcdjLdsQDESHAgkR7KhS9i1qpJag==",
        "dependencies": {
          "Microsoft.TestPlatform.ObjectModel": "18.3.0",
          "Newtonsoft.Json": "13.0.3"
        }
      },
      "Newtonsoft.Json": {
        "type": "Transitive",
        "resolved": "13.0.4",
        "contentHash": "pdgNNMai3zv51W5aq268sujXUyx7SNdE2bj1wZcWjAQrKMFZV260lbqYop1d2GM67JI1huLRwxo9ZqnfF/lC6A=="
      },
      "OneOf": {
        "type": "Transitive",
        "resolved": "3.0.271",
        "contentHash": "pqpqeK8xQGggExhr4tesVgJkjdn+9HQAO0QgrYV2hFjE3y90okzk1kQMntMiUOGfV7FrCUfKPaVvPBD4IANqKg=="
      },
      "SkiaSharp": {
        "type": "Transitive",
        "resolved": "3.119.2",
        "contentHash": "nmy2dOFWPvQKMglfpjz8+/xQQcSrL9jzul3cUyzCJVSwrmSAw+6B1sEgU7jt6NZBptwGq2k/V0kjyu2GizMFtg==",
        "dependencies": {
          "SkiaSharp.NativeAssets.Win32": "3.119.2",
          "SkiaSharp.NativeAssets.macOS": "3.119.2"
        }
      },
      "SkiaSharp.NativeAssets.macOS": {
        "type": "Transitive",
        "resolved": "3.119.2",
        "contentHash": "I2jMGQ/26KOnc6iAoR+Mxh9vSJJ2vioJyj9aJ9OL5yEZyXothXJxf4vBMqnSaiXMqiiU1scG7KqtT0CLkmMmWA=="
      },
      "SkiaSharp.NativeAssets.Win32": {
        "type": "Transitive",
        "resolved": "3.119.2",
        "contentHash": "uYe+da6+GXVgPKkCopzvIZ83DmC8SXXKeUAPrNcztJNsg0SjPQAxfKMOPZqmVjbzznrq/QUIjLUlJSZV/e0IPA=="
      },
      "xunit.abstractions": {
        "type": "Transitive",
        "resolved": "2.0.3",
        "contentHash": "pot1I4YOxlWjIb5jmwvvQNbTrZ3lJQ+jUGkGjWE3hEFM0l5gOnBWS+H3qsex68s5cO52g+44vpGzhAt+42vwKg=="
      },
      "xunit.analyzers": {
        "type": "Transitive",
        "resolved": "1.18.0",
        "contentHash": "OtFMHN8yqIcYP9wcVIgJrq01AfTxijjAqVDy/WeQVSyrDC1RzBWeQPztL49DN2syXRah8TYnfvk035s7L95EZQ=="
      },
      "xunit.assert": {
        "type": "Transitive",
        "resolved": "2.9.3",
        "contentHash": "/Kq28fCE7MjOV42YLVRAJzRF0WmEqsmflm0cfpMjGtzQ2lR5mYVj1/i0Y8uDAOLczkL3/jArrwehfMD0YogMAA=="
      },
      "xunit.core": {
        "type": "Transitive",
        "resolved": "2.9.3",
        "contentHash": "BiAEvqGvyme19wE0wTKdADH+NloYqikiU0mcnmiNyXaF9HyHmE6sr/3DC5vnBkgsWaE6yPyWszKSPSApWdRVeQ==",
        "dependencies": {
          "xunit.extensibility.core": "[2.9.3]",
          "xunit.extensibility.execution": "[2.9.3]"
        }
      },
      "xunit.extensibility.core": {
        "type": "Transitive",
        "resolved": "2.9.3",
        "contentHash": "kf3si0YTn2a8J8eZNb+zFpwfoyvIrQ7ivNk5ZYA5yuYk1bEtMe4DxJ2CF/qsRgmEnDr7MnW1mxylBaHTZ4qErA==",
        "dependencies": {
          "xunit.abstractions": "2.0.3"
        }
      },
      "xunit.extensibility.execution": {
        "type": "Transitive",
        "resolved": "2.9.3",
        "contentHash": "yMb6vMESlSrE3Wfj7V6cjQ3S4TXdXpRqYeNEI3zsX31uTsGMJjEw6oD5F5u1cHnMptjhEECnmZSsPxB6ChZHDQ==",
        "dependencies": {
          "xunit.extensibility.core": "[2.9.3]"
        }
      },
      "neokolors.common": {
        "type": "Project",
        "dependencies": {
          "Implyzer": "[2026.1.0, )",
          "JetBrains.Annotations": "[2025.2.4, )",
          "NeoKolors.Extensions": "[2026.2.0, )",
          "OneOf": "[3.0.271, )",
          "SkiaSharp": "[3.119.2, )"
        }
      },
      "neokolors.console": {
        "type": "Project",
        "dependencies": {
          "JetBrains.Annotations": "[2025.2.4, )",
          "Microsoft.Extensions.Logging.Abstractions": "[10.0.3, )",
          "NeoKolors.Common": "[2026.2.0, )",
          "NeoKolors.Extensions": "[2026.2.0, )",
          "Newtonsoft.Json": "[13.0.4, )"
        }
      },
      "neokolors.extensions": {
        "type": "Project",
        "dependencies": {
          "JetBrains.Annotations": "[2025.2.4, )",
          "Metriks": "[2026.2.4.1, )"
        }
      },
      "neokolors.tui": {
        "type": "Project",
        "dependencies": {
          "Implyzer": "[2026.1.0, )",
          "JetBrains.Annotations": "[2025.2.4, )",
          "Metriks": "[2026.2.4.1, )",
          "NeoKolors.Common": "[2026.2.0, )",
          "NeoKolors.Console": "[2026.2.0, )",
          "NeoKolors.Extensions": "[2026.2.0, )",
          "NeoKolors.Tui.Core": "[1.0.0, )",
          "NeoKolors.Tui.Fonts": "[2026.2.0, )",
          "NeoKolors.Tui.Fonts.Assets": "[2026.2.0, )"
        }
      },
      "neokolors.tui.core": {
        "type": "Project",
        "dependencies": {
          "NeoKolors.Common": "[2026.2.0, )",
          "NeoKolors.Console": "[2026.2.0, )",
          "NeoKolors.Extensions": "[2026.2.0, )"
        }
      },
      "neokolors.tui.fonts": {
        "type": "Project",
        "dependencies": {
          "Implyzer": "[2026.1.0, )",
          "JetBrains.Annotations": "[2025.2.4, )",
          "MessagePack": "[3.1.6, )",
          "Metriks": "[2026.2.4.1, )",
          "NeoKolors.Common": "[2026.2.0, )",
          "NeoKolors.Extensions": "[2026.2.0, )",
          "NeoKolors.Tui.Core": "[1.0.0, )"
        }
      },
      "neokolors.tui.fonts.assets": {
        "type": "Project",
        "dependencies": {
          "NeoKolors.Tui.Fonts": "[2026.2.0, )"
        }
      }
    }
  }
}