{
  "version": 1,
  "dependencies": {
    ".NETStandard,Version=v2.1": {
      "HasFlagExtension.Generator": {
        "type": "Direct",
        "requested": "[2026.3.2, )",
        "resolved": "2026.3.2",
        "contentHash": "OFypFEntMPjHWUpu/zTHTpWXfIEZipu2MhJ+M/ffyWDSQ5FBVLxi4ytakyL2BGVQlbtj8C7LhaSkIrkMkVCfeg==",
        "dependencies": {
          "Microsoft.CodeAnalysis.CSharp": "5.9.0"
        }
      },
      "Implyzer": {
        "type": "Direct",
        "requested": "[2026.5.4, )",
        "resolved": "2026.5.4",
        "contentHash": "TAqwPQKqnBUpXgVUCbHJgpKCfJ71/2ZInzWFFhi2tMspXql1B4lVlxfXqO/KhuN88bxPp2yUh49Ng7UOV8FHxQ=="
      },
      "JetBrains.Annotations": {
        "type": "Direct",
        "requested": "[2026.2.0, )",
        "resolved": "2026.2.0",
        "contentHash": "drvAEaI7Xf4wU6dx4UTB9MoZWXZlraaQ0qoeThPQ411FxNhId7QdUTukIC9I8aUHP0ycAaGwZNKqSvfOZQvUlg=="
      },
      "Metriks": {
        "type": "Direct",
        "requested": "[2026.3.0, )",
        "resolved": "2026.3.0",
        "contentHash": "4eWxns2gvXbpKzq98g+TXwEVeDq4PTQg7oQdqgn1uTVvwxnMJMOhkp1yWCfVlwpOw1nPpzu7Kj9UEXFuDKs6SQ==",
        "dependencies": {
          "JetBrains.Annotations": "2026.2.0",
          "System.Runtime.CompilerServices.Unsafe": "6.1.2"
        }
      },
      "Microsoft.NETFramework.ReferenceAssemblies": {
        "type": "Direct",
        "requested": "[1.0.3, )",
        "resolved": "1.0.3",
        "contentHash": "vUc9Npcs14QsyOD01tnv/m8sQUnGTGOw1BCmKcv77LBJY7OxhJ+zJF7UD/sCL3lYNFuqmQEVlkfS4Quif6FyYg==",
        "dependencies": {
          "Microsoft.NETFramework.ReferenceAssemblies.net461": "1.0.3"
        }
      },
      "Polyfill": {
        "type": "Direct",
        "requested": "[11.3.0, )",
        "resolved": "11.3.0",
        "contentHash": "bSmvuJftFcVuh6dn3TL3upLzk5rNuFZgzuZgM+7YGOvTL3xihd038i1IpqywikM/2Jnh/TOc+DIWGhfjTEjMHA=="
      },
      "System.Collections.Immutable": {
        "type": "Direct",
        "requested": "[10.0.12, )",
        "resolved": "10.0.12",
        "contentHash": "tRMzrybcwEEaudfpL9ghzfnSjEVVuhKa5sR86q30mYxXJdcKOLSBkpMFm62CGsbB50diPZta73Pxu8DgjGdDbA==",
        "dependencies": {
          "System.Runtime.CompilerServices.Unsafe": "6.1.2"
        }
      },
      "Microsoft.CodeAnalysis.Analyzers": {
        "type": "Transitive",
        "resolved": "5.9.0-1.26328.17",
        "contentHash": "HP9NNk8ZjOSI2hgOyXnQg+kv7/X837Vr2nAlXiGAtqtYnYKjRRa1UmQFr8KFs5ynGYKqfbb8zB9APoWjiAGdMg=="
      },
      "Microsoft.CodeAnalysis.Common": {
        "type": "Transitive",
        "resolved": "5.9.0",
        "contentHash": "IYaIaUWdIx539AReKZOBEqTskFusZfCh/wFSPilDvCn5Say8MegLw2LONcSIcVy+v3Gzv53qYBspgvBGSErfbQ==",
        "dependencies": {
          "Microsoft.CodeAnalysis.Analyzers": "5.9.0-1.26328.17",
          "System.Collections.Immutable": "10.0.1",
          "System.Reflection.Metadata": "10.0.1",
          "System.Runtime.CompilerServices.Unsafe": "6.1.2",
          "System.Text.Encoding.CodePages": "8.0.0"
        }
      },
      "Microsoft.CodeAnalysis.CSharp": {
        "type": "Transitive",
        "resolved": "5.9.0",
        "contentHash": "7JGDA0UT1+h7k9ZcA3rF4eFC8+QPq1xyYaXxag4p8r/zzPurEJxvdi7aM+MRL/SfP7XADXpWF/pl/eUYXOq/ww==",
        "dependencies": {
          "Microsoft.CodeAnalysis.Analyzers": "5.9.0-1.26328.17",
          "Microsoft.CodeAnalysis.Common": "[5.9.0]",
          "System.Collections.Immutable": "10.0.1",
          "System.Reflection.Metadata": "10.0.1",
          "System.Runtime.CompilerServices.Unsafe": "6.1.2",
          "System.Text.Encoding.CodePages": "8.0.0"
        }
      },
      "Microsoft.NETFramework.ReferenceAssemblies.net461": {
        "type": "Transitive",
        "resolved": "1.0.3",
        "contentHash": "AmOJZwCqnOCNp6PPcf9joyogScWLtwy0M1WkqfEQ0M9nYwyDD7EX9ZjscKS5iYnyvteX7kzSKFCKt9I9dXA6mA=="
      },
      "System.Reflection.Metadata": {
        "type": "Transitive",
        "resolved": "10.0.1",
        "contentHash": "zpcfT/wacPPhE17zcudozlxQtWN/84qyiMyZNGLnK4cj2IMBtLsZYwYjVnALUhPliwyUVj/P7kaZvBWYBCnf2Q==",
        "dependencies": {
          "System.Collections.Immutable": "10.0.1"
        }
      },
      "System.Runtime.CompilerServices.Unsafe": {
        "type": "Transitive",
        "resolved": "6.1.2",
        "contentHash": "2hBr6zdbIBTDE3EhK7NSVNdX58uTK6iHW/P/Axmm9sl1xoGSLqDvMtpecn226TNwHByFokYwJmt/aQQNlO5CRw=="
      },
      "System.Text.Encoding.CodePages": {
        "type": "Transitive",
        "resolved": "8.0.0",
        "contentHash": "OZIsVplFGaVY90G2SbpgU7EnCoOO5pw1t4ic21dBF3/1omrJFpAGoNAVpPyMVOC90/hvgkGG3VFqR13YgZMQfg==",
        "dependencies": {
          "System.Runtime.CompilerServices.Unsafe": "6.0.0"
        }
      }
    },
    "net10.0": {
      "HasFlagExtension.Generator": {
        "type": "Direct",
        "requested": "[2026.3.2, )",
        "resolved": "2026.3.2",
        "contentHash": "OFypFEntMPjHWUpu/zTHTpWXfIEZipu2MhJ+M/ffyWDSQ5FBVLxi4ytakyL2BGVQlbtj8C7LhaSkIrkMkVCfeg==",
        "dependencies": {
          "Microsoft.CodeAnalysis.CSharp": "5.9.0"
        }
      },
      "Implyzer": {
        "type": "Direct",
        "requested": "[2026.5.4, )",
        "resolved": "2026.5.4",
        "contentHash": "TAqwPQKqnBUpXgVUCbHJgpKCfJ71/2ZInzWFFhi2tMspXql1B4lVlxfXqO/KhuN88bxPp2yUh49Ng7UOV8FHxQ=="
      },
      "JetBrains.Annotations": {
        "type": "Direct",
        "requested": "[2026.2.0, )",
        "resolved": "2026.2.0",
        "contentHash": "drvAEaI7Xf4wU6dx4UTB9MoZWXZlraaQ0qoeThPQ411FxNhId7QdUTukIC9I8aUHP0ycAaGwZNKqSvfOZQvUlg=="
      },
      "Metriks": {
        "type": "Direct",
        "requested": "[2026.3.0, )",
        "resolved": "2026.3.0",
        "contentHash": "4eWxns2gvXbpKzq98g+TXwEVeDq4PTQg7oQdqgn1uTVvwxnMJMOhkp1yWCfVlwpOw1nPpzu7Kj9UEXFuDKs6SQ==",
        "dependencies": {
          "JetBrains.Annotations": "2026.2.0"
        }
      },
      "Microsoft.NETFramework.ReferenceAssemblies": {
        "type": "Direct",
        "requested": "[1.0.3, )",
        "resolved": "1.0.3",
        "contentHash": "vUc9Npcs14QsyOD01tnv/m8sQUnGTGOw1BCmKcv77LBJY7OxhJ+zJF7UD/sCL3lYNFuqmQEVlkfS4Quif6FyYg==",
        "dependencies": {
          "Microsoft.NETFramework.ReferenceAssemblies.net461": "1.0.3"
        }
      },
      "Polyfill": {
        "type": "Direct",
        "requested": "[11.3.0, )",
        "resolved": "11.3.0",
        "contentHash": "bSmvuJftFcVuh6dn3TL3upLzk5rNuFZgzuZgM+7YGOvTL3xihd038i1IpqywikM/2Jnh/TOc+DIWGhfjTEjMHA=="
      },
      "System.Collections.Immutable": {
        "type": "Direct",
        "requested": "[10.0.12, )",
        "resolved": "10.0.12",
        "contentHash": "tRMzrybcwEEaudfpL9ghzfnSjEVVuhKa5sR86q30mYxXJdcKOLSBkpMFm62CGsbB50diPZta73Pxu8DgjGdDbA=="
      },
      "Microsoft.CodeAnalysis.Analyzers": {
        "type": "Transitive",
        "resolved": "5.9.0-1.26328.17",
        "contentHash": "HP9NNk8ZjOSI2hgOyXnQg+kv7/X837Vr2nAlXiGAtqtYnYKjRRa1UmQFr8KFs5ynGYKqfbb8zB9APoWjiAGdMg=="
      },
      "Microsoft.CodeAnalysis.Common": {
        "type": "Transitive",
        "resolved": "5.9.0",
        "contentHash": "IYaIaUWdIx539AReKZOBEqTskFusZfCh/wFSPilDvCn5Say8MegLw2LONcSIcVy+v3Gzv53qYBspgvBGSErfbQ==",
        "dependencies": {
          "Microsoft.CodeAnalysis.Analyzers": "5.9.0-1.26328.17"
        }
      },
      "Microsoft.CodeAnalysis.CSharp": {
        "type": "Transitive",
        "resolved": "5.9.0",
        "contentHash": "7JGDA0UT1+h7k9ZcA3rF4eFC8+QPq1xyYaXxag4p8r/zzPurEJxvdi7aM+MRL/SfP7XADXpWF/pl/eUYXOq/ww==",
        "dependencies": {
          "Microsoft.CodeAnalysis.Analyzers": "5.9.0-1.26328.17",
          "Microsoft.CodeAnalysis.Common": "[5.9.0]"
        }
      },
      "Microsoft.NETFramework.ReferenceAssemblies.net461": {
        "type": "Transitive",
        "resolved": "1.0.3",
        "contentHash": "AmOJZwCqnOCNp6PPcf9joyogScWLtwy0M1WkqfEQ0M9nYwyDD7EX9ZjscKS5iYnyvteX7kzSKFCKt9I9dXA6mA=="
      }
    },
    ".NETCoreApp,Version=v5.0": {
      "HasFlagExtension.Generator": {
        "type": "Direct",
        "requested": "[2026.3.2, )",
        "resolved": "2026.3.2",
        "contentHash": "OFypFEntMPjHWUpu/zTHTpWXfIEZipu2MhJ+M/ffyWDSQ5FBVLxi4ytakyL2BGVQlbtj8C7LhaSkIrkMkVCfeg==",
        "dependencies": {
          "Microsoft.CodeAnalysis.CSharp": "5.9.0"
        }
      },
      "Implyzer": {
        "type": "Direct",
        "requested": "[2026.5.4, )",
        "resolved": "2026.5.4",
        "contentHash": "TAqwPQKqnBUpXgVUCbHJgpKCfJ71/2ZInzWFFhi2tMspXql1B4lVlxfXqO/KhuN88bxPp2yUh49Ng7UOV8FHxQ=="
      },
      "JetBrains.Annotations": {
        "type": "Direct",
        "requested": "[2026.2.0, )",
        "resolved": "2026.2.0",
        "contentHash": "drvAEaI7Xf4wU6dx4UTB9MoZWXZlraaQ0qoeThPQ411FxNhId7QdUTukIC9I8aUHP0ycAaGwZNKqSvfOZQvUlg=="
      },
      "Metriks": {
        "type": "Direct",
        "requested": "[2026.3.0, )",
        "resolved": "2026.3.0",
        "contentHash": "4eWxns2gvXbpKzq98g+TXwEVeDq4PTQg7oQdqgn1uTVvwxnMJMOhkp1yWCfVlwpOw1nPpzu7Kj9UEXFuDKs6SQ==",
        "dependencies": {
          "JetBrains.Annotations": "2026.2.0"
        }
      },
      "Microsoft.NETFramework.ReferenceAssemblies": {
        "type": "Direct",
        "requested": "[1.0.3, )",
        "resolved": "1.0.3",
        "contentHash": "vUc9Npcs14QsyOD01tnv/m8sQUnGTGOw1BCmKcv77LBJY7OxhJ+zJF7UD/sCL3lYNFuqmQEVlkfS4Quif6FyYg==",
        "dependencies": {
          "Microsoft.NETFramework.ReferenceAssemblies.net461": "1.0.3"
        }
      },
      "Polyfill": {
        "type": "Direct",
        "requested": "[11.3.0, )",
        "resolved": "11.3.0",
        "contentHash": "bSmvuJftFcVuh6dn3TL3upLzk5rNuFZgzuZgM+7YGOvTL3xihd038i1IpqywikM/2Jnh/TOc+DIWGhfjTEjMHA=="
      },
      "System.Collections.Immutable": {
        "type": "Direct",
        "requested": "[10.0.12, )",
        "resolved": "10.0.12",
        "contentHash": "tRMzrybcwEEaudfpL9ghzfnSjEVVuhKa5sR86q30mYxXJdcKOLSBkpMFm62CGsbB50diPZta73Pxu8DgjGdDbA==",
        "dependencies": {
          "System.Runtime.CompilerServices.Unsafe": "6.1.2"
        }
      },
      "Microsoft.CodeAnalysis.Analyzers": {
        "type": "Transitive",
        "resolved": "5.9.0-1.26328.17",
        "contentHash": "HP9NNk8ZjOSI2hgOyXnQg+kv7/X837Vr2nAlXiGAtqtYnYKjRRa1UmQFr8KFs5ynGYKqfbb8zB9APoWjiAGdMg=="
      },
      "Microsoft.CodeAnalysis.Common": {
        "type": "Transitive",
        "resolved": "5.9.0",
        "contentHash": "IYaIaUWdIx539AReKZOBEqTskFusZfCh/wFSPilDvCn5Say8MegLw2LONcSIcVy+v3Gzv53qYBspgvBGSErfbQ==",
        "dependencies": {
          "Microsoft.CodeAnalysis.Analyzers": "5.9.0-1.26328.17",
          "System.Collections.Immutable": "10.0.1",
          "System.Reflection.Metadata": "10.0.1",
          "System.Runtime.CompilerServices.Unsafe": "6.1.2",
          "System.Text.Encoding.CodePages": "8.0.0"
        }
      },
      "Microsoft.CodeAnalysis.CSharp": {
        "type": "Transitive",
        "resolved": "5.9.0",
        "contentHash": "7JGDA0UT1+h7k9ZcA3rF4eFC8+QPq1xyYaXxag4p8r/zzPurEJxvdi7aM+MRL/SfP7XADXpWF/pl/eUYXOq/ww==",
        "dependencies": {
          "Microsoft.CodeAnalysis.Analyzers": "5.9.0-1.26328.17",
          "Microsoft.CodeAnalysis.Common": "[5.9.0]",
          "System.Collections.Immutable": "10.0.1",
          "System.Reflection.Metadata": "10.0.1",
          "System.Runtime.CompilerServices.Unsafe": "6.1.2",
          "System.Text.Encoding.CodePages": "8.0.0"
        }
      },
      "Microsoft.NETFramework.ReferenceAssemblies.net461": {
        "type": "Transitive",
        "resolved": "1.0.3",
        "contentHash": "AmOJZwCqnOCNp6PPcf9joyogScWLtwy0M1WkqfEQ0M9nYwyDD7EX9ZjscKS5iYnyvteX7kzSKFCKt9I9dXA6mA=="
      },
      "System.Reflection.Metadata": {
        "type": "Transitive",
        "resolved": "10.0.1",
        "contentHash": "zpcfT/wacPPhE17zcudozlxQtWN/84qyiMyZNGLnK4cj2IMBtLsZYwYjVnALUhPliwyUVj/P7kaZvBWYBCnf2Q==",
        "dependencies": {
          "System.Collections.Immutable": "10.0.1"
        }
      },
      "System.Runtime.CompilerServices.Unsafe": {
        "type": "Transitive",
        "resolved": "6.1.2",
        "contentHash": "2hBr6zdbIBTDE3EhK7NSVNdX58uTK6iHW/P/Axmm9sl1xoGSLqDvMtpecn226TNwHByFokYwJmt/aQQNlO5CRw=="
      },
      "System.Text.Encoding.CodePages": {
        "type": "Transitive",
        "resolved": "8.0.0",
        "contentHash": "OZIsVplFGaVY90G2SbpgU7EnCoOO5pw1t4ic21dBF3/1omrJFpAGoNAVpPyMVOC90/hvgkGG3VFqR13YgZMQfg==",
        "dependencies": {
          "System.Runtime.CompilerServices.Unsafe": "6.0.0"
        }
      }
    },
    "net8.0": {
      "HasFlagExtension.Generator": {
        "type": "Direct",
        "requested": "[2026.3.2, )",
        "resolved": "2026.3.2",
        "contentHash": "OFypFEntMPjHWUpu/zTHTpWXfIEZipu2MhJ+M/ffyWDSQ5FBVLxi4ytakyL2BGVQlbtj8C7LhaSkIrkMkVCfeg==",
        "dependencies": {
          "Microsoft.CodeAnalysis.CSharp": "5.9.0"
        }
      },
      "Implyzer": {
        "type": "Direct",
        "requested": "[2026.5.4, )",
        "resolved": "2026.5.4",
        "contentHash": "TAqwPQKqnBUpXgVUCbHJgpKCfJ71/2ZInzWFFhi2tMspXql1B4lVlxfXqO/KhuN88bxPp2yUh49Ng7UOV8FHxQ=="
      },
      "JetBrains.Annotations": {
        "type": "Direct",
        "requested": "[2026.2.0, )",
        "resolved": "2026.2.0",
        "contentHash": "drvAEaI7Xf4wU6dx4UTB9MoZWXZlraaQ0qoeThPQ411FxNhId7QdUTukIC9I8aUHP0ycAaGwZNKqSvfOZQvUlg=="
      },
      "Metriks": {
        "type": "Direct",
        "requested": "[2026.3.0, )",
        "resolved": "2026.3.0",
        "contentHash": "4eWxns2gvXbpKzq98g+TXwEVeDq4PTQg7oQdqgn1uTVvwxnMJMOhkp1yWCfVlwpOw1nPpzu7Kj9UEXFuDKs6SQ==",
        "dependencies": {
          "JetBrains.Annotations": "2026.2.0"
        }
      },
      "Microsoft.NETFramework.ReferenceAssemblies": {
        "type": "Direct",
        "requested": "[1.0.3, )",
        "resolved": "1.0.3",
        "contentHash": "vUc9Npcs14QsyOD01tnv/m8sQUnGTGOw1BCmKcv77LBJY7OxhJ+zJF7UD/sCL3lYNFuqmQEVlkfS4Quif6FyYg==",
        "dependencies": {
          "Microsoft.NETFramework.ReferenceAssemblies.net461": "1.0.3"
        }
      },
      "Polyfill": {
        "type": "Direct",
        "requested": "[11.3.0, )",
        "resolved": "11.3.0",
        "contentHash": "bSmvuJftFcVuh6dn3TL3upLzk5rNuFZgzuZgM+7YGOvTL3xihd038i1IpqywikM/2Jnh/TOc+DIWGhfjTEjMHA=="
      },
      "System.Collections.Immutable": {
        "type": "Direct",
        "requested": "[10.0.12, )",
        "resolved": "10.0.12",
        "contentHash": "tRMzrybcwEEaudfpL9ghzfnSjEVVuhKa5sR86q30mYxXJdcKOLSBkpMFm62CGsbB50diPZta73Pxu8DgjGdDbA=="
      },
      "Microsoft.CodeAnalysis.Analyzers": {
        "type": "Transitive",
        "resolved": "5.9.0-1.26328.17",
        "contentHash": "HP9NNk8ZjOSI2hgOyXnQg+kv7/X837Vr2nAlXiGAtqtYnYKjRRa1UmQFr8KFs5ynGYKqfbb8zB9APoWjiAGdMg=="
      },
      "Microsoft.CodeAnalysis.Common": {
        "type": "Transitive",
        "resolved": "5.9.0",
        "contentHash": "IYaIaUWdIx539AReKZOBEqTskFusZfCh/wFSPilDvCn5Say8MegLw2LONcSIcVy+v3Gzv53qYBspgvBGSErfbQ==",
        "dependencies": {
          "Microsoft.CodeAnalysis.Analyzers": "5.9.0-1.26328.17",
          "System.Collections.Immutable": "10.0.1",
          "System.Reflection.Metadata": "10.0.1"
        }
      },
      "Microsoft.CodeAnalysis.CSharp": {
        "type": "Transitive",
        "resolved": "5.9.0",
        "contentHash": "7JGDA0UT1+h7k9ZcA3rF4eFC8+QPq1xyYaXxag4p8r/zzPurEJxvdi7aM+MRL/SfP7XADXpWF/pl/eUYXOq/ww==",
        "dependencies": {
          "Microsoft.CodeAnalysis.Analyzers": "5.9.0-1.26328.17",
          "Microsoft.CodeAnalysis.Common": "[5.9.0]",
          "System.Collections.Immutable": "10.0.1",
          "System.Reflection.Metadata": "10.0.1"
        }
      },
      "Microsoft.NETFramework.ReferenceAssemblies.net461": {
        "type": "Transitive",
        "resolved": "1.0.3",
        "contentHash": "AmOJZwCqnOCNp6PPcf9joyogScWLtwy0M1WkqfEQ0M9nYwyDD7EX9ZjscKS5iYnyvteX7kzSKFCKt9I9dXA6mA=="
      },
      "System.Reflection.Metadata": {
        "type": "Transitive",
        "resolved": "10.0.1",
        "contentHash": "zpcfT/wacPPhE17zcudozlxQtWN/84qyiMyZNGLnK4cj2IMBtLsZYwYjVnALUhPliwyUVj/P7kaZvBWYBCnf2Q==",
        "dependencies": {
          "System.Collections.Immutable": "10.0.1"
        }
      }
    }
  }
}