{
  "version": 1,
  "dependencies": {
    "net10.0": {
      "Microsoft.Extensions.Logging": {
        "type": "Direct",
        "requested": "[10.0.12, )",
        "resolved": "10.0.12",
        "contentHash": "6I46fTPfgYkrjRYfRXbho9WOvOelTnNjWuZws/hzGHDASH1LEJeA4VKK9k3wJvido8o7jJSB5WkMTonX7HM1bA==",
        "dependencies": {
          "Microsoft.Extensions.DependencyInjection": "10.0.12",
          "Microsoft.Extensions.Logging.Abstractions": "10.0.12",
          "Microsoft.Extensions.Options": "10.0.12"
        }
      },
      "Microsoft.NET.Test.Sdk": {
        "type": "Direct",
        "requested": "[18.10.1, )",
        "resolved": "18.10.1",
        "contentHash": "SxCFvJE/2ltUQgCgv6+Ixagohw4sZc9hM7Wid2foaNM7paBscktoHLoRDz91fW8wbHG87Rg9Ku59/8PXumqUrA==",
        "dependencies": {
          "Microsoft.CodeCoverage": "18.10.1",
          "Microsoft.TestPlatform.TestHost": "18.10.1"
        }
      },
      "Polyfill": {
        "type": "Direct",
        "requested": "[11.4.1, )",
        "resolved": "11.4.1",
        "contentHash": "HbyvI2RZLjW8zaJOiAtyTaCVEAAvhPp7kCkEgHne4igfAY3o7W0JAmurNrjdItUdRIXanYrWiet2ng/Jjd9+/w=="
      },
      "xunit": {
        "type": "Direct",
        "requested": "[2.9.3, )",
        "resolved": "2.9.3",
        "contentHash": "TlXQBinK35LpOPKHAqbLY4xlEen9TBafjs0V5KnA4wZsoQLQJiirCR4CbIXvOH8NzkW4YeJKP5P/Bnrodm0h9Q==",
        "dependencies": {
          "xunit.analyzers": "1.18.0",
          "xunit.assert": "2.9.3",
          "xunit.core": "[2.9.3]"
        }
      },
      "xunit.runner.visualstudio": {
        "type": "Direct",
        "requested": "[4.0.0, )",
        "resolved": "4.0.0",
        "contentHash": "kzLFyBYUnoidpGOXvpNOfIo8C92gVgVR6X8ncHwhcrDYugiOut5rrhDkr0L3cWHd7J2pKXf6LgaeXoBBDlx1ag=="
      },
      "Google.FlatBuffers": {
        "type": "Transitive",
        "resolved": "25.2.10",
        "contentHash": "z3ykbSRsy6oqMzeZ84a+K8rnMJ/ysVikar8r2yUhHz0HSxIjBpj53mZvpu6LjLEm5fLLWQsCdelJwL1nu7lloA=="
      },
      "Implyzer": {
        "type": "Transitive",
        "resolved": "2026.5.4",
        "contentHash": "TAqwPQKqnBUpXgVUCbHJgpKCfJ71/2ZInzWFFhi2tMspXql1B4lVlxfXqO/KhuN88bxPp2yUh49Ng7UOV8FHxQ=="
      },
      "IParsablePolyfill": {
        "type": "Transitive",
        "resolved": "2026.3.0.3",
        "contentHash": "JkWrRD3eS3Uo2UvEJwBrCDBIwzMWzWVs5H86GvADgg9aaJwmAp/G/qa0rkV+UUh2J/T6Rpxhi+GSsrdW3YhZpQ==",
        "dependencies": {
          "Implyzer": "2026.5.4"
        }
      },
      "JetBrains.Annotations": {
        "type": "Transitive",
        "resolved": "2026.2.0",
        "contentHash": "drvAEaI7Xf4wU6dx4UTB9MoZWXZlraaQ0qoeThPQ411FxNhId7QdUTukIC9I8aUHP0ycAaGwZNKqSvfOZQvUlg=="
      },
      "MessagePack": {
        "type": "Transitive",
        "resolved": "3.1.10",
        "contentHash": "IvYiuLIGLbklU8qZFp0krv1f+0d0kkWbyb+I4Qmk8p5o+JxQsKUp2L5SBHV4vVmBh+DAj3bWDukGAl+87GMwrQ==",
        "dependencies": {
          "MessagePack.Annotations": "3.1.10",
          "MessagePackAnalyzer": "3.1.10",
          "Microsoft.NET.StringTools": "17.11.4"
        }
      },
      "MessagePack.Annotations": {
        "type": "Transitive",
        "resolved": "3.1.10",
        "contentHash": "3XvSeRdiR9ujCcTuijFwn2DRO8+a2S4fkNvwMaMwnXvdUJRaWAVc37scCiFME0AYLXGtnWF+GHMZT/a+i5Vv7g=="
      },
      "MessagePackAnalyzer": {
        "type": "Transitive",
        "resolved": "3.1.10",
        "contentHash": "t0sPByiRt2ipKUg64M1foAt5uDnJOiOGimE0rKXZ5CdiQw0Sf4TfELiWNjowcCHO0M6gRePrI90kXPc7rN2llw=="
      },
      "Metriks": {
        "type": "Transitive",
        "resolved": "2026.4.0-preview.1",
        "contentHash": "Gb0FMJLOO0abcT9AyasGiY4+xQI5y6bCDo9kt3VVUdupCIksIVQz7YPBnZhoQMcXVClcQ04opTNNWdfUD/hXdQ==",
        "dependencies": {
          "JetBrains.Annotations": "2026.2.0"
        }
      },
      "Microsoft.CodeCoverage": {
        "type": "Transitive",
        "resolved": "18.10.1",
        "contentHash": "tV7tCyp/t+DuwQugLkCeUN7NBFFB4fEGRPr0gkMQ2nQgAvQQjmGlZZi1dsLzbyoe/A0mbnKybmkIh8qhT9p4Zw=="
      },
      "Microsoft.Extensions.DependencyInjection": {
        "type": "Transitive",
        "resolved": "10.0.12",
        "contentHash": "lXyK2O5GoYvfxW8eCFcD16JFbcoSTM1sJkAM0UHS1jZyl9NYMW64Tqm6OQFT0IDBjZi+xHt95/Zg+nxZhGFhZg==",
        "dependencies": {
          "Microsoft.Extensions.DependencyInjection.Abstractions": "10.0.12"
        }
      },
      "Microsoft.Extensions.DependencyInjection.Abstractions": {
        "type": "Transitive",
        "resolved": "10.0.12",
        "contentHash": "9/qymSh7hVDMGTGwrLz8MRp5zRyXy9adGDOs4HwRdnLil3oZGYuWeZjbmHgCQ9BL1qBroVfgUK3U/nb61617Cw=="
      },
      "Microsoft.Extensions.Logging.Abstractions": {
        "type": "Transitive",
        "resolved": "10.0.12",
        "contentHash": "+24lC4plfbEDNfLAdTV/SWKS7dW+16X4HdydO3R++134kSNTzcbYA4KpR1Hdh6uWisB8Za3AzwyOn+K+NxWIug==",
        "dependencies": {
          "Microsoft.Extensions.DependencyInjection.Abstractions": "10.0.12"
        }
      },
      "Microsoft.Extensions.Options": {
        "type": "Transitive",
        "resolved": "10.0.12",
        "contentHash": "TDYD33TSRpXKZWlmTXNlj5kCihxatmv2Ec1u6C+bMYLphCS7PoSLE9Pjd/nunDoE7yETk+LLKjVJX78HYtWjpA==",
        "dependencies": {
          "Microsoft.Extensions.DependencyInjection.Abstractions": "10.0.12",
          "Microsoft.Extensions.Primitives": "10.0.12"
        }
      },
      "Microsoft.Extensions.Primitives": {
        "type": "Transitive",
        "resolved": "10.0.12",
        "contentHash": "dYfCLR52UA+3DL7C4I/pvSaRPkNqxrUAQmbFL2u0zvYKKzqgrFCJl08Df+F1aYc8leu9JvpC9bsURUdpExcBXQ=="
      },
      "Microsoft.NET.StringTools": {
        "type": "Transitive",
        "resolved": "17.11.4",
        "contentHash": "mudqUHhNpeqIdJoUx2YDWZO/I9uEDYVowan89R6wsomfnUJQk6HteoQTlNjZDixhT2B4IXMkMtgZtoceIjLRmA=="
      },
      "Microsoft.TestPlatform.ObjectModel": {
        "type": "Transitive",
        "resolved": "18.10.1",
        "contentHash": "o+PuLDRVp1iwiVAPBADZItXgm9Ck23XtPhE4kZtZVi0uYnMiiz1Dx9Cjh75kJ+ijfqnORL3VOTOaQVKi0f/ixg=="
      },
      "Microsoft.TestPlatform.TestHost": {
        "type": "Transitive",
        "resolved": "18.10.1",
        "contentHash": "KYz2omqkoz9E2mWa4fdgT+Ycie1wi5968EmyJlusjlp87RxxtA2FvDm8tcBEYIDzLnkWGnsKjE4d13Z7/rxkQA==",
        "dependencies": {
          "Microsoft.TestPlatform.ObjectModel": "18.10.1"
        }
      },
      "Newtonsoft.Json": {
        "type": "Transitive",
        "resolved": "13.0.4",
        "contentHash": "pdgNNMai3zv51W5aq268sujXUyx7SNdE2bj1wZcWjAQrKMFZV260lbqYop1d2GM67JI1huLRwxo9ZqnfF/lC6A=="
      },
      "OneOf": {
        "type": "Transitive",
        "resolved": "3.0.271",
        "contentHash": "pqpqeK8xQGggExhr4tesVgJkjdn+9HQAO0QgrYV2hFjE3y90okzk1kQMntMiUOGfV7FrCUfKPaVvPBD4IANqKg=="
      },
      "protobuf-net": {
        "type": "Transitive",
        "resolved": "3.4.30",
        "contentHash": "N49mhnY5fpWds085lO6ocppox9y4cTb1EmbHAAYVJMl/iYSYyNpz4Ohxnk80qtqv52dNZI+/6hQbaiz3+rTEwA==",
        "dependencies": {
          "protobuf-net.Core": "3.4.30"
        }
      },
      "protobuf-net.Core": {
        "type": "Transitive",
        "resolved": "3.4.30",
        "contentHash": "CZf8U6eON9OBtcPyOiXJ6Oq3Opi/lWtEiireyLCy43iof1A2oA0GEOrEHZISzmQ46s61iOC06Sa4Cs+D41t1DA=="
      },
      "SkiaSharp": {
        "type": "Transitive",
        "resolved": "4.153.0",
        "contentHash": "SUb82mheKR0PhZB0tm3Oz0z1Xy9j+0186AeOhY8ff7O777jq57tLaJXhFpbOKJ75y6axzp4kslMGzB0ka7oLsQ==",
        "dependencies": {
          "SkiaSharp.NativeAssets.Win32": "4.153.0",
          "SkiaSharp.NativeAssets.macOS": "4.153.0"
        }
      },
      "SkiaSharp.NativeAssets.Linux": {
        "type": "Transitive",
        "resolved": "4.153.0",
        "contentHash": "HpWn0Hk2WnQhc885Ac0feSKe9I7iVrXAkVRGMcwKkOjrmvV4pycrq+xRz1JrU0V54YCKZgO99kXt5r+/UkI1uA=="
      },
      "SkiaSharp.NativeAssets.macOS": {
        "type": "Transitive",
        "resolved": "4.153.0",
        "contentHash": "HupVxGOlrSHW4G0yXtNQW2c56tqlQeXoBXt1yxjDX2V49AgmmhnvS81U/arLX/a9M388PZZKJyjIjK7nVT1eGQ=="
      },
      "SkiaSharp.NativeAssets.WebAssembly": {
        "type": "Transitive",
        "resolved": "4.153.0",
        "contentHash": "Y8qkK/TH8Sm5oms98BX9wy/lBRGJ/b83rzRaF6eATNGdfoPP1AqLTOhttnTKsDxdoNPoHXSFpJGJ+HrG1Y4axQ=="
      },
      "SkiaSharp.NativeAssets.Win32": {
        "type": "Transitive",
        "resolved": "4.153.0",
        "contentHash": "c1glJgnMtRYQE05h71nkotqZAdcmi8+9B9UcTvsQRKSA8G3QEM50lktSR119hJt3JE6KN8lHqihKMsJNbIVWOA=="
      },
      "xunit.abstractions": {
        "type": "Transitive",
        "resolved": "2.0.3",
        "contentHash": "pot1I4YOxlWjIb5jmwvvQNbTrZ3lJQ+jUGkGjWE3hEFM0l5gOnBWS+H3qsex68s5cO52g+44vpGzhAt+42vwKg=="
      },
      "xunit.analyzers": {
        "type": "Transitive",
        "resolved": "1.18.0",
        "contentHash": "OtFMHN8yqIcYP9wcVIgJrq01AfTxijjAqVDy/WeQVSyrDC1RzBWeQPztL49DN2syXRah8TYnfvk035s7L95EZQ=="
      },
      "xunit.assert": {
        "type": "Transitive",
        "resolved": "2.9.3",
        "contentHash": "/Kq28fCE7MjOV42YLVRAJzRF0WmEqsmflm0cfpMjGtzQ2lR5mYVj1/i0Y8uDAOLczkL3/jArrwehfMD0YogMAA=="
      },
      "xunit.core": {
        "type": "Transitive",
        "resolved": "2.9.3",
        "contentHash": "BiAEvqGvyme19wE0wTKdADH+NloYqikiU0mcnmiNyXaF9HyHmE6sr/3DC5vnBkgsWaE6yPyWszKSPSApWdRVeQ==",
        "dependencies": {
          "xunit.extensibility.core": "[2.9.3]",
          "xunit.extensibility.execution": "[2.9.3]"
        }
      },
      "xunit.extensibility.core": {
        "type": "Transitive",
        "resolved": "2.9.3",
        "contentHash": "kf3si0YTn2a8J8eZNb+zFpwfoyvIrQ7ivNk5ZYA5yuYk1bEtMe4DxJ2CF/qsRgmEnDr7MnW1mxylBaHTZ4qErA==",
        "dependencies": {
          "xunit.abstractions": "2.0.3"
        }
      },
      "xunit.extensibility.execution": {
        "type": "Transitive",
        "resolved": "2.9.3",
        "contentHash": "yMb6vMESlSrE3Wfj7V6cjQ3S4TXdXpRqYeNEI3zsX31uTsGMJjEw6oD5F5u1cHnMptjhEECnmZSsPxB6ChZHDQ==",
        "dependencies": {
          "xunit.extensibility.core": "[2.9.3]"
        }
      },
      "neokolors.common": {
        "type": "Project",
        "dependencies": {
          "IParsablePolyfill": "[2026.3.0.3, )",
          "Implyzer": "[2026.5.4, )",
          "JetBrains.Annotations": "[2026.2.0, )",
          "MessagePack": "[3.1.10, )",
          "NeoKolors.Extensions": "[2026.3.0, )",
          "OneOf": "[3.0.271, )",
          "SkiaSharp": "[4.153.0, )",
          "SkiaSharp.NativeAssets.Linux": "[4.153.0, )",
          "SkiaSharp.NativeAssets.WebAssembly": "[4.153.0, )",
          "SkiaSharp.NativeAssets.Win32": "[4.153.0, )",
          "SkiaSharp.NativeAssets.macOS": "[4.153.0, )",
          "protobuf-net": "[3.4.30, )"
        }
      },
      "neokolors.console": {
        "type": "Project",
        "dependencies": {
          "Google.FlatBuffers": "[25.2.10, )",
          "Implyzer": "[2026.5.4, )",
          "JetBrains.Annotations": "[2026.2.0, )",
          "MessagePack": "[3.1.10, )",
          "Microsoft.Extensions.Logging.Abstractions": "[10.0.12, )",
          "NeoKolors.Common": "[2026.3.0, )",
          "NeoKolors.Extensions": "[2026.3.0, )",
          "Newtonsoft.Json": "[13.0.4, )",
          "protobuf-net": "[3.4.30, )"
        }
      },
      "neokolors.extensions": {
        "type": "Project",
        "dependencies": {
          "Implyzer": "[2026.5.4, )",
          "JetBrains.Annotations": "[2026.2.0, )",
          "Metriks": "[2026.4.0-preview.1, )"
        }
      }
    },
    "net8.0": {
      "Microsoft.Extensions.Logging": {
        "type": "Direct",
        "requested": "[10.0.12, )",
        "resolved": "10.0.12",
        "contentHash": "6I46fTPfgYkrjRYfRXbho9WOvOelTnNjWuZws/hzGHDASH1LEJeA4VKK9k3wJvido8o7jJSB5WkMTonX7HM1bA==",
        "dependencies": {
          "Microsoft.Extensions.DependencyInjection": "10.0.12",
          "Microsoft.Extensions.Logging.Abstractions": "10.0.12",
          "Microsoft.Extensions.Options": "10.0.12"
        }
      },
      "Microsoft.NET.Test.Sdk": {
        "type": "Direct",
        "requested": "[18.10.1, )",
        "resolved": "18.10.1",
        "contentHash": "SxCFvJE/2ltUQgCgv6+Ixagohw4sZc9hM7Wid2foaNM7paBscktoHLoRDz91fW8wbHG87Rg9Ku59/8PXumqUrA==",
        "dependencies": {
          "Microsoft.CodeCoverage": "18.10.1",
          "Microsoft.TestPlatform.TestHost": "18.10.1"
        }
      },
      "Polyfill": {
        "type": "Direct",
        "requested": "[11.4.1, )",
        "resolved": "11.4.1",
        "contentHash": "HbyvI2RZLjW8zaJOiAtyTaCVEAAvhPp7kCkEgHne4igfAY3o7W0JAmurNrjdItUdRIXanYrWiet2ng/Jjd9+/w=="
      },
      "xunit": {
        "type": "Direct",
        "requested": "[2.9.3, )",
        "resolved": "2.9.3",
        "contentHash": "TlXQBinK35LpOPKHAqbLY4xlEen9TBafjs0V5KnA4wZsoQLQJiirCR4CbIXvOH8NzkW4YeJKP5P/Bnrodm0h9Q==",
        "dependencies": {
          "xunit.analyzers": "1.18.0",
          "xunit.assert": "2.9.3",
          "xunit.core": "[2.9.3]"
        }
      },
      "xunit.runner.visualstudio": {
        "type": "Direct",
        "requested": "[4.0.0, )",
        "resolved": "4.0.0",
        "contentHash": "kzLFyBYUnoidpGOXvpNOfIo8C92gVgVR6X8ncHwhcrDYugiOut5rrhDkr0L3cWHd7J2pKXf6LgaeXoBBDlx1ag=="
      },
      "Google.FlatBuffers": {
        "type": "Transitive",
        "resolved": "25.2.10",
        "contentHash": "z3ykbSRsy6oqMzeZ84a+K8rnMJ/ysVikar8r2yUhHz0HSxIjBpj53mZvpu6LjLEm5fLLWQsCdelJwL1nu7lloA=="
      },
      "Implyzer": {
        "type": "Transitive",
        "resolved": "2026.5.4",
        "contentHash": "TAqwPQKqnBUpXgVUCbHJgpKCfJ71/2ZInzWFFhi2tMspXql1B4lVlxfXqO/KhuN88bxPp2yUh49Ng7UOV8FHxQ=="
      },
      "IParsablePolyfill": {
        "type": "Transitive",
        "resolved": "2026.3.0.3",
        "contentHash": "JkWrRD3eS3Uo2UvEJwBrCDBIwzMWzWVs5H86GvADgg9aaJwmAp/G/qa0rkV+UUh2J/T6Rpxhi+GSsrdW3YhZpQ==",
        "dependencies": {
          "Implyzer": "2026.5.4"
        }
      },
      "JetBrains.Annotations": {
        "type": "Transitive",
        "resolved": "2026.2.0",
        "contentHash": "drvAEaI7Xf4wU6dx4UTB9MoZWXZlraaQ0qoeThPQ411FxNhId7QdUTukIC9I8aUHP0ycAaGwZNKqSvfOZQvUlg=="
      },
      "MessagePack": {
        "type": "Transitive",
        "resolved": "3.1.10",
        "contentHash": "IvYiuLIGLbklU8qZFp0krv1f+0d0kkWbyb+I4Qmk8p5o+JxQsKUp2L5SBHV4vVmBh+DAj3bWDukGAl+87GMwrQ==",
        "dependencies": {
          "MessagePack.Annotations": "3.1.10",
          "MessagePackAnalyzer": "3.1.10",
          "Microsoft.NET.StringTools": "17.11.4"
        }
      },
      "MessagePack.Annotations": {
        "type": "Transitive",
        "resolved": "3.1.10",
        "contentHash": "3XvSeRdiR9ujCcTuijFwn2DRO8+a2S4fkNvwMaMwnXvdUJRaWAVc37scCiFME0AYLXGtnWF+GHMZT/a+i5Vv7g=="
      },
      "MessagePackAnalyzer": {
        "type": "Transitive",
        "resolved": "3.1.10",
        "contentHash": "t0sPByiRt2ipKUg64M1foAt5uDnJOiOGimE0rKXZ5CdiQw0Sf4TfELiWNjowcCHO0M6gRePrI90kXPc7rN2llw=="
      },
      "Metriks": {
        "type": "Transitive",
        "resolved": "2026.4.0-preview.1",
        "contentHash": "Gb0FMJLOO0abcT9AyasGiY4+xQI5y6bCDo9kt3VVUdupCIksIVQz7YPBnZhoQMcXVClcQ04opTNNWdfUD/hXdQ==",
        "dependencies": {
          "JetBrains.Annotations": "2026.2.0"
        }
      },
      "Microsoft.CodeCoverage": {
        "type": "Transitive",
        "resolved": "18.10.1",
        "contentHash": "tV7tCyp/t+DuwQugLkCeUN7NBFFB4fEGRPr0gkMQ2nQgAvQQjmGlZZi1dsLzbyoe/A0mbnKybmkIh8qhT9p4Zw=="
      },
      "Microsoft.Extensions.DependencyInjection": {
        "type": "Transitive",
        "resolved": "10.0.12",
        "contentHash": "lXyK2O5GoYvfxW8eCFcD16JFbcoSTM1sJkAM0UHS1jZyl9NYMW64Tqm6OQFT0IDBjZi+xHt95/Zg+nxZhGFhZg==",
        "dependencies": {
          "Microsoft.Extensions.DependencyInjection.Abstractions": "10.0.12"
        }
      },
      "Microsoft.Extensions.DependencyInjection.Abstractions": {
        "type": "Transitive",
        "resolved": "10.0.12",
        "contentHash": "9/qymSh7hVDMGTGwrLz8MRp5zRyXy9adGDOs4HwRdnLil3oZGYuWeZjbmHgCQ9BL1qBroVfgUK3U/nb61617Cw=="
      },
      "Microsoft.Extensions.Logging.Abstractions": {
        "type": "Transitive",
        "resolved": "10.0.12",
        "contentHash": "+24lC4plfbEDNfLAdTV/SWKS7dW+16X4HdydO3R++134kSNTzcbYA4KpR1Hdh6uWisB8Za3AzwyOn+K+NxWIug==",
        "dependencies": {
          "Microsoft.Extensions.DependencyInjection.Abstractions": "10.0.12",
          "System.Diagnostics.DiagnosticSource": "10.0.12"
        }
      },
      "Microsoft.Extensions.Options": {
        "type": "Transitive",
        "resolved": "10.0.12",
        "contentHash": "TDYD33TSRpXKZWlmTXNlj5kCihxatmv2Ec1u6C+bMYLphCS7PoSLE9Pjd/nunDoE7yETk+LLKjVJX78HYtWjpA==",
        "dependencies": {
          "Microsoft.Extensions.DependencyInjection.Abstractions": "10.0.12",
          "Microsoft.Extensions.Primitives": "10.0.12"
        }
      },
      "Microsoft.Extensions.Primitives": {
        "type": "Transitive",
        "resolved": "10.0.12",
        "contentHash": "dYfCLR52UA+3DL7C4I/pvSaRPkNqxrUAQmbFL2u0zvYKKzqgrFCJl08Df+F1aYc8leu9JvpC9bsURUdpExcBXQ=="
      },
      "Microsoft.NET.StringTools": {
        "type": "Transitive",
        "resolved": "17.11.4",
        "contentHash": "mudqUHhNpeqIdJoUx2YDWZO/I9uEDYVowan89R6wsomfnUJQk6HteoQTlNjZDixhT2B4IXMkMtgZtoceIjLRmA=="
      },
      "Microsoft.TestPlatform.ObjectModel": {
        "type": "Transitive",
        "resolved": "18.10.1",
        "contentHash": "o+PuLDRVp1iwiVAPBADZItXgm9Ck23XtPhE4kZtZVi0uYnMiiz1Dx9Cjh75kJ+ijfqnORL3VOTOaQVKi0f/ixg=="
      },
      "Microsoft.TestPlatform.TestHost": {
        "type": "Transitive",
        "resolved": "18.10.1",
        "contentHash": "KYz2omqkoz9E2mWa4fdgT+Ycie1wi5968EmyJlusjlp87RxxtA2FvDm8tcBEYIDzLnkWGnsKjE4d13Z7/rxkQA==",
        "dependencies": {
          "Microsoft.TestPlatform.ObjectModel": "18.10.1"
        }
      },
      "Newtonsoft.Json": {
        "type": "Transitive",
        "resolved": "13.0.4",
        "contentHash": "pdgNNMai3zv51W5aq268sujXUyx7SNdE2bj1wZcWjAQrKMFZV260lbqYop1d2GM67JI1huLRwxo9ZqnfF/lC6A=="
      },
      "OneOf": {
        "type": "Transitive",
        "resolved": "3.0.271",
        "contentHash": "pqpqeK8xQGggExhr4tesVgJkjdn+9HQAO0QgrYV2hFjE3y90okzk1kQMntMiUOGfV7FrCUfKPaVvPBD4IANqKg=="
      },
      "protobuf-net": {
        "type": "Transitive",
        "resolved": "3.4.30",
        "contentHash": "N49mhnY5fpWds085lO6ocppox9y4cTb1EmbHAAYVJMl/iYSYyNpz4Ohxnk80qtqv52dNZI+/6hQbaiz3+rTEwA==",
        "dependencies": {
          "protobuf-net.Core": "3.4.30"
        }
      },
      "protobuf-net.Core": {
        "type": "Transitive",
        "resolved": "3.4.30",
        "contentHash": "CZf8U6eON9OBtcPyOiXJ6Oq3Opi/lWtEiireyLCy43iof1A2oA0GEOrEHZISzmQ46s61iOC06Sa4Cs+D41t1DA=="
      },
      "SkiaSharp": {
        "type": "Transitive",
        "resolved": "4.153.0",
        "contentHash": "SUb82mheKR0PhZB0tm3Oz0z1Xy9j+0186AeOhY8ff7O777jq57tLaJXhFpbOKJ75y6axzp4kslMGzB0ka7oLsQ==",
        "dependencies": {
          "SkiaSharp.NativeAssets.Win32": "4.153.0",
          "SkiaSharp.NativeAssets.macOS": "4.153.0"
        }
      },
      "SkiaSharp.NativeAssets.Linux": {
        "type": "Transitive",
        "resolved": "4.153.0",
        "contentHash": "HpWn0Hk2WnQhc885Ac0feSKe9I7iVrXAkVRGMcwKkOjrmvV4pycrq+xRz1JrU0V54YCKZgO99kXt5r+/UkI1uA=="
      },
      "SkiaSharp.NativeAssets.macOS": {
        "type": "Transitive",
        "resolved": "4.153.0",
        "contentHash": "HupVxGOlrSHW4G0yXtNQW2c56tqlQeXoBXt1yxjDX2V49AgmmhnvS81U/arLX/a9M388PZZKJyjIjK7nVT1eGQ=="
      },
      "SkiaSharp.NativeAssets.WebAssembly": {
        "type": "Transitive",
        "resolved": "4.153.0",
        "contentHash": "Y8qkK/TH8Sm5oms98BX9wy/lBRGJ/b83rzRaF6eATNGdfoPP1AqLTOhttnTKsDxdoNPoHXSFpJGJ+HrG1Y4axQ=="
      },
      "SkiaSharp.NativeAssets.Win32": {
        "type": "Transitive",
        "resolved": "4.153.0",
        "contentHash": "c1glJgnMtRYQE05h71nkotqZAdcmi8+9B9UcTvsQRKSA8G3QEM50lktSR119hJt3JE6KN8lHqihKMsJNbIVWOA=="
      },
      "System.Collections.Immutable": {
        "type": "Transitive",
        "resolved": "10.0.12",
        "contentHash": "tRMzrybcwEEaudfpL9ghzfnSjEVVuhKa5sR86q30mYxXJdcKOLSBkpMFm62CGsbB50diPZta73Pxu8DgjGdDbA=="
      },
      "System.Diagnostics.DiagnosticSource": {
        "type": "Transitive",
        "resolved": "10.0.12",
        "contentHash": "CRZTWYO0rzEcJN/6SuN1kMvQOJT7vyHZ64CCkQs0RRWTj7kH2KMkaMalbsbSI/eg5dS5JAQfQFFuuWgn+XRMsQ=="
      },
      "xunit.abstractions": {
        "type": "Transitive",
        "resolved": "2.0.3",
        "contentHash": "pot1I4YOxlWjIb5jmwvvQNbTrZ3lJQ+jUGkGjWE3hEFM0l5gOnBWS+H3qsex68s5cO52g+44vpGzhAt+42vwKg=="
      },
      "xunit.analyzers": {
        "type": "Transitive",
        "resolved": "1.18.0",
        "contentHash": "OtFMHN8yqIcYP9wcVIgJrq01AfTxijjAqVDy/WeQVSyrDC1RzBWeQPztL49DN2syXRah8TYnfvk035s7L95EZQ=="
      },
      "xunit.assert": {
        "type": "Transitive",
        "resolved": "2.9.3",
        "contentHash": "/Kq28fCE7MjOV42YLVRAJzRF0WmEqsmflm0cfpMjGtzQ2lR5mYVj1/i0Y8uDAOLczkL3/jArrwehfMD0YogMAA=="
      },
      "xunit.core": {
        "type": "Transitive",
        "resolved": "2.9.3",
        "contentHash": "BiAEvqGvyme19wE0wTKdADH+NloYqikiU0mcnmiNyXaF9HyHmE6sr/3DC5vnBkgsWaE6yPyWszKSPSApWdRVeQ==",
        "dependencies": {
          "xunit.extensibility.core": "[2.9.3]",
          "xunit.extensibility.execution": "[2.9.3]"
        }
      },
      "xunit.extensibility.core": {
        "type": "Transitive",
        "resolved": "2.9.3",
        "contentHash": "kf3si0YTn2a8J8eZNb+zFpwfoyvIrQ7ivNk5ZYA5yuYk1bEtMe4DxJ2CF/qsRgmEnDr7MnW1mxylBaHTZ4qErA==",
        "dependencies": {
          "xunit.abstractions": "2.0.3"
        }
      },
      "xunit.extensibility.execution": {
        "type": "Transitive",
        "resolved": "2.9.3",
        "contentHash": "yMb6vMESlSrE3Wfj7V6cjQ3S4TXdXpRqYeNEI3zsX31uTsGMJjEw6oD5F5u1cHnMptjhEECnmZSsPxB6ChZHDQ==",
        "dependencies": {
          "xunit.extensibility.core": "[2.9.3]"
        }
      },
      "neokolors.common": {
        "type": "Project",
        "dependencies": {
          "IParsablePolyfill": "[2026.3.0.3, )",
          "Implyzer": "[2026.5.4, )",
          "JetBrains.Annotations": "[2026.2.0, )",
          "MessagePack": "[3.1.10, )",
          "NeoKolors.Extensions": "[2026.3.0, )",
          "OneOf": "[3.0.271, )",
          "SkiaSharp": "[4.153.0, )",
          "SkiaSharp.NativeAssets.Linux": "[4.153.0, )",
          "SkiaSharp.NativeAssets.WebAssembly": "[4.153.0, )",
          "SkiaSharp.NativeAssets.Win32": "[4.153.0, )",
          "SkiaSharp.NativeAssets.macOS": "[4.153.0, )",
          "protobuf-net": "[3.4.30, )"
        }
      },
      "neokolors.console": {
        "type": "Project",
        "dependencies": {
          "Google.FlatBuffers": "[25.2.10, )",
          "Implyzer": "[2026.5.4, )",
          "JetBrains.Annotations": "[2026.2.0, )",
          "MessagePack": "[3.1.10, )",
          "Microsoft.Extensions.Logging.Abstractions": "[10.0.12, )",
          "NeoKolors.Common": "[2026.3.0, )",
          "NeoKolors.Extensions": "[2026.3.0, )",
          "Newtonsoft.Json": "[13.0.4, )",
          "protobuf-net": "[3.4.30, )"
        }
      },
      "neokolors.extensions": {
        "type": "Project",
        "dependencies": {
          "Implyzer": "[2026.5.4, )",
          "JetBrains.Annotations": "[2026.2.0, )",
          "Metriks": "[2026.4.0-preview.1, )",
          "System.Collections.Immutable": "[10.0.12, )"
        }
      }
    }
  }
}