{
  "version": 1,
  "dependencies": {
    ".NETStandard,Version=v2.1": {
      "Google.FlatBuffers": {
        "type": "Direct",
        "requested": "[25.2.10, )",
        "resolved": "25.2.10",
        "contentHash": "z3ykbSRsy6oqMzeZ84a+K8rnMJ/ysVikar8r2yUhHz0HSxIjBpj53mZvpu6LjLEm5fLLWQsCdelJwL1nu7lloA=="
      },
      "HasFlagExtension.Generator": {
        "type": "Direct",
        "requested": "[2026.3.2, )",
        "resolved": "2026.3.2",
        "contentHash": "OFypFEntMPjHWUpu/zTHTpWXfIEZipu2MhJ+M/ffyWDSQ5FBVLxi4ytakyL2BGVQlbtj8C7LhaSkIrkMkVCfeg==",
        "dependencies": {
          "Microsoft.CodeAnalysis.CSharp": "5.9.0"
        }
      },
      "Implyzer": {
        "type": "Direct",
        "requested": "[2026.5.4, )",
        "resolved": "2026.5.4",
        "contentHash": "TAqwPQKqnBUpXgVUCbHJgpKCfJ71/2ZInzWFFhi2tMspXql1B4lVlxfXqO/KhuN88bxPp2yUh49Ng7UOV8FHxQ=="
      },
      "JetBrains.Annotations": {
        "type": "Direct",
        "requested": "[2026.2.0, )",
        "resolved": "2026.2.0",
        "contentHash": "drvAEaI7Xf4wU6dx4UTB9MoZWXZlraaQ0qoeThPQ411FxNhId7QdUTukIC9I8aUHP0ycAaGwZNKqSvfOZQvUlg=="
      },
      "MessagePack": {
        "type": "Direct",
        "requested": "[3.1.8, )",
        "resolved": "3.1.8",
        "contentHash": "Qk2q+9FVxnMSp+NQ9y3SLz3HqWe7Rg3KRMHhBX28FkKUoOeP9YIU86mA4pFOxDDjUIRA9e7Ssbxs/LwWUcAzPw==",
        "dependencies": {
          "MessagePack.Annotations": "3.1.8",
          "MessagePackAnalyzer": "3.1.8",
          "Microsoft.NET.StringTools": "17.11.4",
          "System.Collections.Immutable": "8.0.0"
        }
      },
      "Microsoft.Extensions.Logging.Abstractions": {
        "type": "Direct",
        "requested": "[10.0.12, )",
        "resolved": "10.0.12",
        "contentHash": "+24lC4plfbEDNfLAdTV/SWKS7dW+16X4HdydO3R++134kSNTzcbYA4KpR1Hdh6uWisB8Za3AzwyOn+K+NxWIug==",
        "dependencies": {
          "Microsoft.Extensions.DependencyInjection.Abstractions": "10.0.12",
          "System.Diagnostics.DiagnosticSource": "10.0.12"
        }
      },
      "Newtonsoft.Json": {
        "type": "Direct",
        "requested": "[13.0.4, )",
        "resolved": "13.0.4",
        "contentHash": "pdgNNMai3zv51W5aq268sujXUyx7SNdE2bj1wZcWjAQrKMFZV260lbqYop1d2GM67JI1huLRwxo9ZqnfF/lC6A=="
      },
      "Polyfill": {
        "type": "Direct",
        "requested": "[11.3.0, )",
        "resolved": "11.3.0",
        "contentHash": "bSmvuJftFcVuh6dn3TL3upLzk5rNuFZgzuZgM+7YGOvTL3xihd038i1IpqywikM/2Jnh/TOc+DIWGhfjTEjMHA=="
      },
      "IParsablePolyfill": {
        "type": "Transitive",
        "resolved": "2026.3.0.3",
        "contentHash": "JkWrRD3eS3Uo2UvEJwBrCDBIwzMWzWVs5H86GvADgg9aaJwmAp/G/qa0rkV+UUh2J/T6Rpxhi+GSsrdW3YhZpQ==",
        "dependencies": {
          "Implyzer": "2026.5.4"
        }
      },
      "MessagePack.Annotations": {
        "type": "Transitive",
        "resolved": "3.1.8",
        "contentHash": "SitOtZ4tOlAZZPF7p52M7143F+Cuz7o/aU0MrtAXX0+ZkPXzDNroOFhzzE2ogMFThsoEW/E6akXVVcBFM9ZKaw=="
      },
      "MessagePackAnalyzer": {
        "type": "Transitive",
        "resolved": "3.1.8",
        "contentHash": "Vm4g0cR4YRKRchEOmMJ0uVFU6yxdg7cJa2KHv3SUAHEsdYKvMpHMF5A1hZfsix89ymD5cmuzRnw9a6dKMcvq+Q=="
      },
      "Metriks": {
        "type": "Transitive",
        "resolved": "2026.3.0",
        "contentHash": "4eWxns2gvXbpKzq98g+TXwEVeDq4PTQg7oQdqgn1uTVvwxnMJMOhkp1yWCfVlwpOw1nPpzu7Kj9UEXFuDKs6SQ==",
        "dependencies": {
          "JetBrains.Annotations": "2026.2.0",
          "System.Runtime.CompilerServices.Unsafe": "6.1.2"
        }
      },
      "Microsoft.CodeAnalysis.Analyzers": {
        "type": "Transitive",
        "resolved": "5.9.0-1.26328.17",
        "contentHash": "HP9NNk8ZjOSI2hgOyXnQg+kv7/X837Vr2nAlXiGAtqtYnYKjRRa1UmQFr8KFs5ynGYKqfbb8zB9APoWjiAGdMg=="
      },
      "Microsoft.CodeAnalysis.Common": {
        "type": "Transitive",
        "resolved": "5.9.0",
        "contentHash": "IYaIaUWdIx539AReKZOBEqTskFusZfCh/wFSPilDvCn5Say8MegLw2LONcSIcVy+v3Gzv53qYBspgvBGSErfbQ==",
        "dependencies": {
          "Microsoft.CodeAnalysis.Analyzers": "5.9.0-1.26328.17",
          "System.Collections.Immutable": "10.0.1",
          "System.Reflection.Metadata": "10.0.1",
          "System.Runtime.CompilerServices.Unsafe": "6.1.2",
          "System.Text.Encoding.CodePages": "8.0.0"
        }
      },
      "Microsoft.CodeAnalysis.CSharp": {
        "type": "Transitive",
        "resolved": "5.9.0",
        "contentHash": "7JGDA0UT1+h7k9ZcA3rF4eFC8+QPq1xyYaXxag4p8r/zzPurEJxvdi7aM+MRL/SfP7XADXpWF/pl/eUYXOq/ww==",
        "dependencies": {
          "Microsoft.CodeAnalysis.Analyzers": "5.9.0-1.26328.17",
          "Microsoft.CodeAnalysis.Common": "[5.9.0]",
          "System.Collections.Immutable": "10.0.1",
          "System.Reflection.Metadata": "10.0.1",
          "System.Runtime.CompilerServices.Unsafe": "6.1.2",
          "System.Text.Encoding.CodePages": "8.0.0"
        }
      },
      "Microsoft.Extensions.DependencyInjection.Abstractions": {
        "type": "Transitive",
        "resolved": "10.0.12",
        "contentHash": "9/qymSh7hVDMGTGwrLz8MRp5zRyXy9adGDOs4HwRdnLil3oZGYuWeZjbmHgCQ9BL1qBroVfgUK3U/nb61617Cw=="
      },
      "Microsoft.NET.StringTools": {
        "type": "Transitive",
        "resolved": "17.11.4",
        "contentHash": "mudqUHhNpeqIdJoUx2YDWZO/I9uEDYVowan89R6wsomfnUJQk6HteoQTlNjZDixhT2B4IXMkMtgZtoceIjLRmA==",
        "dependencies": {
          "System.Runtime.CompilerServices.Unsafe": "6.0.0"
        }
      },
      "OneOf": {
        "type": "Transitive",
        "resolved": "3.0.271",
        "contentHash": "pqpqeK8xQGggExhr4tesVgJkjdn+9HQAO0QgrYV2hFjE3y90okzk1kQMntMiUOGfV7FrCUfKPaVvPBD4IANqKg=="
      },
      "SkiaSharp": {
        "type": "Transitive",
        "resolved": "4.152.0",
        "contentHash": "TfYpxUV/Ihe5WyGeddJROZA2RhfGaSEKKNDHhREUVCVihtTlcavHQEi29Q0Mtn37AYXAf7EbC+StVPmWk63tkQ==",
        "dependencies": {
          "SkiaSharp.NativeAssets.Win32": "4.152.0",
          "SkiaSharp.NativeAssets.macOS": "4.152.0",
          "System.Runtime.CompilerServices.Unsafe": "6.1.2"
        }
      },
      "SkiaSharp.NativeAssets.Linux": {
        "type": "Transitive",
        "resolved": "4.152.0",
        "contentHash": "B3713AE9SBHD55nMsaPlXY2C+GvsPsG50SxM/7iYayCvR3WqrQfgrSD4w/cJ9azGVrqrD2mx64esAQxVqK16dA=="
      },
      "SkiaSharp.NativeAssets.macOS": {
        "type": "Transitive",
        "resolved": "4.152.0",
        "contentHash": "Vjx2sPleQDJXQjINxMzHaIU1KFyYAUerfBnwLAjMGSUCf0vCrSU2Y4LvCH0yAheeuu0YdlVfeSMiCKZYVJ12kA=="
      },
      "SkiaSharp.NativeAssets.WebAssembly": {
        "type": "Transitive",
        "resolved": "4.152.0",
        "contentHash": "lUTqmbhJ3TgaCKOA4WtT5Y8QLXljB4tiT1Tsf6hrWjnrT/kSyfQOx6/lnPoH9TVqu1tKnioIqqO3zbdbi4F0rw=="
      },
      "SkiaSharp.NativeAssets.Win32": {
        "type": "Transitive",
        "resolved": "4.152.0",
        "contentHash": "PfyLS6TRP/9YghtW97le8bkzootCietlt7QUqFKGjGcZ6eRjeWNNHCjvxO41O/LYpV4gCthp2xiiUiYTOqfVyA=="
      },
      "System.Collections.Immutable": {
        "type": "Transitive",
        "resolved": "10.0.12",
        "contentHash": "tRMzrybcwEEaudfpL9ghzfnSjEVVuhKa5sR86q30mYxXJdcKOLSBkpMFm62CGsbB50diPZta73Pxu8DgjGdDbA==",
        "dependencies": {
          "System.Runtime.CompilerServices.Unsafe": "6.1.2"
        }
      },
      "System.Diagnostics.DiagnosticSource": {
        "type": "Transitive",
        "resolved": "10.0.12",
        "contentHash": "CRZTWYO0rzEcJN/6SuN1kMvQOJT7vyHZ64CCkQs0RRWTj7kH2KMkaMalbsbSI/eg5dS5JAQfQFFuuWgn+XRMsQ==",
        "dependencies": {
          "System.Runtime.CompilerServices.Unsafe": "6.1.2"
        }
      },
      "System.Reflection.Metadata": {
        "type": "Transitive",
        "resolved": "10.0.1",
        "contentHash": "zpcfT/wacPPhE17zcudozlxQtWN/84qyiMyZNGLnK4cj2IMBtLsZYwYjVnALUhPliwyUVj/P7kaZvBWYBCnf2Q==",
        "dependencies": {
          "System.Collections.Immutable": "10.0.1"
        }
      },
      "System.Runtime.CompilerServices.Unsafe": {
        "type": "Transitive",
        "resolved": "6.1.2",
        "contentHash": "2hBr6zdbIBTDE3EhK7NSVNdX58uTK6iHW/P/Axmm9sl1xoGSLqDvMtpecn226TNwHByFokYwJmt/aQQNlO5CRw=="
      },
      "System.Text.Encoding.CodePages": {
        "type": "Transitive",
        "resolved": "8.0.0",
        "contentHash": "OZIsVplFGaVY90G2SbpgU7EnCoOO5pw1t4ic21dBF3/1omrJFpAGoNAVpPyMVOC90/hvgkGG3VFqR13YgZMQfg==",
        "dependencies": {
          "System.Runtime.CompilerServices.Unsafe": "6.0.0"
        }
      },
      "neokolors.common": {
        "type": "Project",
        "dependencies": {
          "IParsablePolyfill": "[2026.3.0.3, )",
          "Implyzer": "[2026.5.4, )",
          "JetBrains.Annotations": "[2026.2.0, )",
          "MessagePack": "[3.1.8, )",
          "NeoKolors.Extensions": "[2026.3.0, )",
          "OneOf": "[3.0.271, )",
          "SkiaSharp": "[4.152.0, )",
          "SkiaSharp.NativeAssets.Linux": "[4.152.0, )",
          "SkiaSharp.NativeAssets.WebAssembly": "[4.152.0, )",
          "SkiaSharp.NativeAssets.Win32": "[4.152.0, )",
          "SkiaSharp.NativeAssets.macOS": "[4.152.0, )"
        }
      },
      "neokolors.extensions": {
        "type": "Project",
        "dependencies": {
          "Implyzer": "[2026.5.4, )",
          "JetBrains.Annotations": "[2026.2.0, )",
          "Metriks": "[2026.3.0, )",
          "System.Collections.Immutable": "[10.0.12, )"
        }
      }
    },
    "net10.0": {
      "Google.FlatBuffers": {
        "type": "Direct",
        "requested": "[25.2.10, )",
        "resolved": "25.2.10",
        "contentHash": "z3ykbSRsy6oqMzeZ84a+K8rnMJ/ysVikar8r2yUhHz0HSxIjBpj53mZvpu6LjLEm5fLLWQsCdelJwL1nu7lloA=="
      },
      "HasFlagExtension.Generator": {
        "type": "Direct",
        "requested": "[2026.3.2, )",
        "resolved": "2026.3.2",
        "contentHash": "OFypFEntMPjHWUpu/zTHTpWXfIEZipu2MhJ+M/ffyWDSQ5FBVLxi4ytakyL2BGVQlbtj8C7LhaSkIrkMkVCfeg==",
        "dependencies": {
          "Microsoft.CodeAnalysis.CSharp": "5.9.0"
        }
      },
      "Implyzer": {
        "type": "Direct",
        "requested": "[2026.5.4, )",
        "resolved": "2026.5.4",
        "contentHash": "TAqwPQKqnBUpXgVUCbHJgpKCfJ71/2ZInzWFFhi2tMspXql1B4lVlxfXqO/KhuN88bxPp2yUh49Ng7UOV8FHxQ=="
      },
      "JetBrains.Annotations": {
        "type": "Direct",
        "requested": "[2026.2.0, )",
        "resolved": "2026.2.0",
        "contentHash": "drvAEaI7Xf4wU6dx4UTB9MoZWXZlraaQ0qoeThPQ411FxNhId7QdUTukIC9I8aUHP0ycAaGwZNKqSvfOZQvUlg=="
      },
      "MessagePack": {
        "type": "Direct",
        "requested": "[3.1.8, )",
        "resolved": "3.1.8",
        "contentHash": "Qk2q+9FVxnMSp+NQ9y3SLz3HqWe7Rg3KRMHhBX28FkKUoOeP9YIU86mA4pFOxDDjUIRA9e7Ssbxs/LwWUcAzPw==",
        "dependencies": {
          "MessagePack.Annotations": "3.1.8",
          "MessagePackAnalyzer": "3.1.8",
          "Microsoft.NET.StringTools": "17.11.4"
        }
      },
      "Microsoft.Extensions.Logging.Abstractions": {
        "type": "Direct",
        "requested": "[10.0.12, )",
        "resolved": "10.0.12",
        "contentHash": "+24lC4plfbEDNfLAdTV/SWKS7dW+16X4HdydO3R++134kSNTzcbYA4KpR1Hdh6uWisB8Za3AzwyOn+K+NxWIug==",
        "dependencies": {
          "Microsoft.Extensions.DependencyInjection.Abstractions": "10.0.12"
        }
      },
      "Newtonsoft.Json": {
        "type": "Direct",
        "requested": "[13.0.4, )",
        "resolved": "13.0.4",
        "contentHash": "pdgNNMai3zv51W5aq268sujXUyx7SNdE2bj1wZcWjAQrKMFZV260lbqYop1d2GM67JI1huLRwxo9ZqnfF/lC6A=="
      },
      "Polyfill": {
        "type": "Direct",
        "requested": "[11.3.0, )",
        "resolved": "11.3.0",
        "contentHash": "bSmvuJftFcVuh6dn3TL3upLzk5rNuFZgzuZgM+7YGOvTL3xihd038i1IpqywikM/2Jnh/TOc+DIWGhfjTEjMHA=="
      },
      "IParsablePolyfill": {
        "type": "Transitive",
        "resolved": "2026.3.0.3",
        "contentHash": "JkWrRD3eS3Uo2UvEJwBrCDBIwzMWzWVs5H86GvADgg9aaJwmAp/G/qa0rkV+UUh2J/T6Rpxhi+GSsrdW3YhZpQ==",
        "dependencies": {
          "Implyzer": "2026.5.4"
        }
      },
      "MessagePack.Annotations": {
        "type": "Transitive",
        "resolved": "3.1.8",
        "contentHash": "SitOtZ4tOlAZZPF7p52M7143F+Cuz7o/aU0MrtAXX0+ZkPXzDNroOFhzzE2ogMFThsoEW/E6akXVVcBFM9ZKaw=="
      },
      "MessagePackAnalyzer": {
        "type": "Transitive",
        "resolved": "3.1.8",
        "contentHash": "Vm4g0cR4YRKRchEOmMJ0uVFU6yxdg7cJa2KHv3SUAHEsdYKvMpHMF5A1hZfsix89ymD5cmuzRnw9a6dKMcvq+Q=="
      },
      "Metriks": {
        "type": "Transitive",
        "resolved": "2026.3.0",
        "contentHash": "4eWxns2gvXbpKzq98g+TXwEVeDq4PTQg7oQdqgn1uTVvwxnMJMOhkp1yWCfVlwpOw1nPpzu7Kj9UEXFuDKs6SQ==",
        "dependencies": {
          "JetBrains.Annotations": "2026.2.0"
        }
      },
      "Microsoft.CodeAnalysis.Analyzers": {
        "type": "Transitive",
        "resolved": "5.9.0-1.26328.17",
        "contentHash": "HP9NNk8ZjOSI2hgOyXnQg+kv7/X837Vr2nAlXiGAtqtYnYKjRRa1UmQFr8KFs5ynGYKqfbb8zB9APoWjiAGdMg=="
      },
      "Microsoft.CodeAnalysis.Common": {
        "type": "Transitive",
        "resolved": "5.9.0",
        "contentHash": "IYaIaUWdIx539AReKZOBEqTskFusZfCh/wFSPilDvCn5Say8MegLw2LONcSIcVy+v3Gzv53qYBspgvBGSErfbQ==",
        "dependencies": {
          "Microsoft.CodeAnalysis.Analyzers": "5.9.0-1.26328.17"
        }
      },
      "Microsoft.CodeAnalysis.CSharp": {
        "type": "Transitive",
        "resolved": "5.9.0",
        "contentHash": "7JGDA0UT1+h7k9ZcA3rF4eFC8+QPq1xyYaXxag4p8r/zzPurEJxvdi7aM+MRL/SfP7XADXpWF/pl/eUYXOq/ww==",
        "dependencies": {
          "Microsoft.CodeAnalysis.Analyzers": "5.9.0-1.26328.17",
          "Microsoft.CodeAnalysis.Common": "[5.9.0]"
        }
      },
      "Microsoft.Extensions.DependencyInjection.Abstractions": {
        "type": "Transitive",
        "resolved": "10.0.12",
        "contentHash": "9/qymSh7hVDMGTGwrLz8MRp5zRyXy9adGDOs4HwRdnLil3oZGYuWeZjbmHgCQ9BL1qBroVfgUK3U/nb61617Cw=="
      },
      "Microsoft.NET.StringTools": {
        "type": "Transitive",
        "resolved": "17.11.4",
        "contentHash": "mudqUHhNpeqIdJoUx2YDWZO/I9uEDYVowan89R6wsomfnUJQk6HteoQTlNjZDixhT2B4IXMkMtgZtoceIjLRmA=="
      },
      "OneOf": {
        "type": "Transitive",
        "resolved": "3.0.271",
        "contentHash": "pqpqeK8xQGggExhr4tesVgJkjdn+9HQAO0QgrYV2hFjE3y90okzk1kQMntMiUOGfV7FrCUfKPaVvPBD4IANqKg=="
      },
      "SkiaSharp": {
        "type": "Transitive",
        "resolved": "4.152.0",
        "contentHash": "TfYpxUV/Ihe5WyGeddJROZA2RhfGaSEKKNDHhREUVCVihtTlcavHQEi29Q0Mtn37AYXAf7EbC+StVPmWk63tkQ==",
        "dependencies": {
          "SkiaSharp.NativeAssets.Win32": "4.152.0",
          "SkiaSharp.NativeAssets.macOS": "4.152.0"
        }
      },
      "SkiaSharp.NativeAssets.Linux": {
        "type": "Transitive",
        "resolved": "4.152.0",
        "contentHash": "B3713AE9SBHD55nMsaPlXY2C+GvsPsG50SxM/7iYayCvR3WqrQfgrSD4w/cJ9azGVrqrD2mx64esAQxVqK16dA=="
      },
      "SkiaSharp.NativeAssets.macOS": {
        "type": "Transitive",
        "resolved": "4.152.0",
        "contentHash": "Vjx2sPleQDJXQjINxMzHaIU1KFyYAUerfBnwLAjMGSUCf0vCrSU2Y4LvCH0yAheeuu0YdlVfeSMiCKZYVJ12kA=="
      },
      "SkiaSharp.NativeAssets.WebAssembly": {
        "type": "Transitive",
        "resolved": "4.152.0",
        "contentHash": "lUTqmbhJ3TgaCKOA4WtT5Y8QLXljB4tiT1Tsf6hrWjnrT/kSyfQOx6/lnPoH9TVqu1tKnioIqqO3zbdbi4F0rw=="
      },
      "SkiaSharp.NativeAssets.Win32": {
        "type": "Transitive",
        "resolved": "4.152.0",
        "contentHash": "PfyLS6TRP/9YghtW97le8bkzootCietlt7QUqFKGjGcZ6eRjeWNNHCjvxO41O/LYpV4gCthp2xiiUiYTOqfVyA=="
      },
      "neokolors.common": {
        "type": "Project",
        "dependencies": {
          "IParsablePolyfill": "[2026.3.0.3, )",
          "Implyzer": "[2026.5.4, )",
          "JetBrains.Annotations": "[2026.2.0, )",
          "MessagePack": "[3.1.8, )",
          "NeoKolors.Extensions": "[2026.3.0, )",
          "OneOf": "[3.0.271, )",
          "SkiaSharp": "[4.152.0, )",
          "SkiaSharp.NativeAssets.Linux": "[4.152.0, )",
          "SkiaSharp.NativeAssets.WebAssembly": "[4.152.0, )",
          "SkiaSharp.NativeAssets.Win32": "[4.152.0, )",
          "SkiaSharp.NativeAssets.macOS": "[4.152.0, )"
        }
      },
      "neokolors.extensions": {
        "type": "Project",
        "dependencies": {
          "Implyzer": "[2026.5.4, )",
          "JetBrains.Annotations": "[2026.2.0, )",
          "Metriks": "[2026.3.0, )"
        }
      }
    },
    ".NETCoreApp,Version=v5.0": {
      "Google.FlatBuffers": {
        "type": "Direct",
        "requested": "[25.2.10, )",
        "resolved": "25.2.10",
        "contentHash": "z3ykbSRsy6oqMzeZ84a+K8rnMJ/ysVikar8r2yUhHz0HSxIjBpj53mZvpu6LjLEm5fLLWQsCdelJwL1nu7lloA=="
      },
      "HasFlagExtension.Generator": {
        "type": "Direct",
        "requested": "[2026.3.2, )",
        "resolved": "2026.3.2",
        "contentHash": "OFypFEntMPjHWUpu/zTHTpWXfIEZipu2MhJ+M/ffyWDSQ5FBVLxi4ytakyL2BGVQlbtj8C7LhaSkIrkMkVCfeg==",
        "dependencies": {
          "Microsoft.CodeAnalysis.CSharp": "5.9.0"
        }
      },
      "Implyzer": {
        "type": "Direct",
        "requested": "[2026.5.4, )",
        "resolved": "2026.5.4",
        "contentHash": "TAqwPQKqnBUpXgVUCbHJgpKCfJ71/2ZInzWFFhi2tMspXql1B4lVlxfXqO/KhuN88bxPp2yUh49Ng7UOV8FHxQ=="
      },
      "JetBrains.Annotations": {
        "type": "Direct",
        "requested": "[2026.2.0, )",
        "resolved": "2026.2.0",
        "contentHash": "drvAEaI7Xf4wU6dx4UTB9MoZWXZlraaQ0qoeThPQ411FxNhId7QdUTukIC9I8aUHP0ycAaGwZNKqSvfOZQvUlg=="
      },
      "MessagePack": {
        "type": "Direct",
        "requested": "[3.1.8, )",
        "resolved": "3.1.8",
        "contentHash": "Qk2q+9FVxnMSp+NQ9y3SLz3HqWe7Rg3KRMHhBX28FkKUoOeP9YIU86mA4pFOxDDjUIRA9e7Ssbxs/LwWUcAzPw==",
        "dependencies": {
          "MessagePack.Annotations": "3.1.8",
          "MessagePackAnalyzer": "3.1.8",
          "Microsoft.NET.StringTools": "17.11.4",
          "System.Collections.Immutable": "8.0.0"
        }
      },
      "Microsoft.Extensions.Logging.Abstractions": {
        "type": "Direct",
        "requested": "[10.0.12, )",
        "resolved": "10.0.12",
        "contentHash": "+24lC4plfbEDNfLAdTV/SWKS7dW+16X4HdydO3R++134kSNTzcbYA4KpR1Hdh6uWisB8Za3AzwyOn+K+NxWIug==",
        "dependencies": {
          "Microsoft.Extensions.DependencyInjection.Abstractions": "10.0.12",
          "System.Diagnostics.DiagnosticSource": "10.0.12"
        }
      },
      "Newtonsoft.Json": {
        "type": "Direct",
        "requested": "[13.0.4, )",
        "resolved": "13.0.4",
        "contentHash": "pdgNNMai3zv51W5aq268sujXUyx7SNdE2bj1wZcWjAQrKMFZV260lbqYop1d2GM67JI1huLRwxo9ZqnfF/lC6A=="
      },
      "Polyfill": {
        "type": "Direct",
        "requested": "[11.3.0, )",
        "resolved": "11.3.0",
        "contentHash": "bSmvuJftFcVuh6dn3TL3upLzk5rNuFZgzuZgM+7YGOvTL3xihd038i1IpqywikM/2Jnh/TOc+DIWGhfjTEjMHA=="
      },
      "IParsablePolyfill": {
        "type": "Transitive",
        "resolved": "2026.3.0.3",
        "contentHash": "JkWrRD3eS3Uo2UvEJwBrCDBIwzMWzWVs5H86GvADgg9aaJwmAp/G/qa0rkV+UUh2J/T6Rpxhi+GSsrdW3YhZpQ==",
        "dependencies": {
          "Implyzer": "2026.5.4"
        }
      },
      "MessagePack.Annotations": {
        "type": "Transitive",
        "resolved": "3.1.8",
        "contentHash": "SitOtZ4tOlAZZPF7p52M7143F+Cuz7o/aU0MrtAXX0+ZkPXzDNroOFhzzE2ogMFThsoEW/E6akXVVcBFM9ZKaw=="
      },
      "MessagePackAnalyzer": {
        "type": "Transitive",
        "resolved": "3.1.8",
        "contentHash": "Vm4g0cR4YRKRchEOmMJ0uVFU6yxdg7cJa2KHv3SUAHEsdYKvMpHMF5A1hZfsix89ymD5cmuzRnw9a6dKMcvq+Q=="
      },
      "Metriks": {
        "type": "Transitive",
        "resolved": "2026.3.0",
        "contentHash": "4eWxns2gvXbpKzq98g+TXwEVeDq4PTQg7oQdqgn1uTVvwxnMJMOhkp1yWCfVlwpOw1nPpzu7Kj9UEXFuDKs6SQ==",
        "dependencies": {
          "JetBrains.Annotations": "2026.2.0"
        }
      },
      "Microsoft.CodeAnalysis.Analyzers": {
        "type": "Transitive",
        "resolved": "5.9.0-1.26328.17",
        "contentHash": "HP9NNk8ZjOSI2hgOyXnQg+kv7/X837Vr2nAlXiGAtqtYnYKjRRa1UmQFr8KFs5ynGYKqfbb8zB9APoWjiAGdMg=="
      },
      "Microsoft.CodeAnalysis.Common": {
        "type": "Transitive",
        "resolved": "5.9.0",
        "contentHash": "IYaIaUWdIx539AReKZOBEqTskFusZfCh/wFSPilDvCn5Say8MegLw2LONcSIcVy+v3Gzv53qYBspgvBGSErfbQ==",
        "dependencies": {
          "Microsoft.CodeAnalysis.Analyzers": "5.9.0-1.26328.17",
          "System.Collections.Immutable": "10.0.1",
          "System.Reflection.Metadata": "10.0.1",
          "System.Runtime.CompilerServices.Unsafe": "6.1.2",
          "System.Text.Encoding.CodePages": "8.0.0"
        }
      },
      "Microsoft.CodeAnalysis.CSharp": {
        "type": "Transitive",
        "resolved": "5.9.0",
        "contentHash": "7JGDA0UT1+h7k9ZcA3rF4eFC8+QPq1xyYaXxag4p8r/zzPurEJxvdi7aM+MRL/SfP7XADXpWF/pl/eUYXOq/ww==",
        "dependencies": {
          "Microsoft.CodeAnalysis.Analyzers": "5.9.0-1.26328.17",
          "Microsoft.CodeAnalysis.Common": "[5.9.0]",
          "System.Collections.Immutable": "10.0.1",
          "System.Reflection.Metadata": "10.0.1",
          "System.Runtime.CompilerServices.Unsafe": "6.1.2",
          "System.Text.Encoding.CodePages": "8.0.0"
        }
      },
      "Microsoft.Extensions.DependencyInjection.Abstractions": {
        "type": "Transitive",
        "resolved": "10.0.12",
        "contentHash": "9/qymSh7hVDMGTGwrLz8MRp5zRyXy9adGDOs4HwRdnLil3oZGYuWeZjbmHgCQ9BL1qBroVfgUK3U/nb61617Cw=="
      },
      "Microsoft.NET.StringTools": {
        "type": "Transitive",
        "resolved": "17.11.4",
        "contentHash": "mudqUHhNpeqIdJoUx2YDWZO/I9uEDYVowan89R6wsomfnUJQk6HteoQTlNjZDixhT2B4IXMkMtgZtoceIjLRmA==",
        "dependencies": {
          "System.Runtime.CompilerServices.Unsafe": "6.0.0"
        }
      },
      "OneOf": {
        "type": "Transitive",
        "resolved": "3.0.271",
        "contentHash": "pqpqeK8xQGggExhr4tesVgJkjdn+9HQAO0QgrYV2hFjE3y90okzk1kQMntMiUOGfV7FrCUfKPaVvPBD4IANqKg=="
      },
      "SkiaSharp": {
        "type": "Transitive",
        "resolved": "4.152.0",
        "contentHash": "TfYpxUV/Ihe5WyGeddJROZA2RhfGaSEKKNDHhREUVCVihtTlcavHQEi29Q0Mtn37AYXAf7EbC+StVPmWk63tkQ==",
        "dependencies": {
          "SkiaSharp.NativeAssets.Win32": "4.152.0",
          "SkiaSharp.NativeAssets.macOS": "4.152.0",
          "System.Runtime.CompilerServices.Unsafe": "6.1.2"
        }
      },
      "SkiaSharp.NativeAssets.Linux": {
        "type": "Transitive",
        "resolved": "4.152.0",
        "contentHash": "B3713AE9SBHD55nMsaPlXY2C+GvsPsG50SxM/7iYayCvR3WqrQfgrSD4w/cJ9azGVrqrD2mx64esAQxVqK16dA=="
      },
      "SkiaSharp.NativeAssets.macOS": {
        "type": "Transitive",
        "resolved": "4.152.0",
        "contentHash": "Vjx2sPleQDJXQjINxMzHaIU1KFyYAUerfBnwLAjMGSUCf0vCrSU2Y4LvCH0yAheeuu0YdlVfeSMiCKZYVJ12kA=="
      },
      "SkiaSharp.NativeAssets.WebAssembly": {
        "type": "Transitive",
        "resolved": "4.152.0",
        "contentHash": "lUTqmbhJ3TgaCKOA4WtT5Y8QLXljB4tiT1Tsf6hrWjnrT/kSyfQOx6/lnPoH9TVqu1tKnioIqqO3zbdbi4F0rw=="
      },
      "SkiaSharp.NativeAssets.Win32": {
        "type": "Transitive",
        "resolved": "4.152.0",
        "contentHash": "PfyLS6TRP/9YghtW97le8bkzootCietlt7QUqFKGjGcZ6eRjeWNNHCjvxO41O/LYpV4gCthp2xiiUiYTOqfVyA=="
      },
      "System.Collections.Immutable": {
        "type": "Transitive",
        "resolved": "10.0.12",
        "contentHash": "tRMzrybcwEEaudfpL9ghzfnSjEVVuhKa5sR86q30mYxXJdcKOLSBkpMFm62CGsbB50diPZta73Pxu8DgjGdDbA==",
        "dependencies": {
          "System.Runtime.CompilerServices.Unsafe": "6.1.2"
        }
      },
      "System.Diagnostics.DiagnosticSource": {
        "type": "Transitive",
        "resolved": "10.0.12",
        "contentHash": "CRZTWYO0rzEcJN/6SuN1kMvQOJT7vyHZ64CCkQs0RRWTj7kH2KMkaMalbsbSI/eg5dS5JAQfQFFuuWgn+XRMsQ==",
        "dependencies": {
          "System.Runtime.CompilerServices.Unsafe": "6.1.2"
        }
      },
      "System.Reflection.Metadata": {
        "type": "Transitive",
        "resolved": "10.0.1",
        "contentHash": "zpcfT/wacPPhE17zcudozlxQtWN/84qyiMyZNGLnK4cj2IMBtLsZYwYjVnALUhPliwyUVj/P7kaZvBWYBCnf2Q==",
        "dependencies": {
          "System.Collections.Immutable": "10.0.1"
        }
      },
      "System.Runtime.CompilerServices.Unsafe": {
        "type": "Transitive",
        "resolved": "6.1.2",
        "contentHash": "2hBr6zdbIBTDE3EhK7NSVNdX58uTK6iHW/P/Axmm9sl1xoGSLqDvMtpecn226TNwHByFokYwJmt/aQQNlO5CRw=="
      },
      "System.Text.Encoding.CodePages": {
        "type": "Transitive",
        "resolved": "8.0.0",
        "contentHash": "OZIsVplFGaVY90G2SbpgU7EnCoOO5pw1t4ic21dBF3/1omrJFpAGoNAVpPyMVOC90/hvgkGG3VFqR13YgZMQfg==",
        "dependencies": {
          "System.Runtime.CompilerServices.Unsafe": "6.0.0"
        }
      },
      "neokolors.common": {
        "type": "Project",
        "dependencies": {
          "IParsablePolyfill": "[2026.3.0.3, )",
          "Implyzer": "[2026.5.4, )",
          "JetBrains.Annotations": "[2026.2.0, )",
          "MessagePack": "[3.1.8, )",
          "NeoKolors.Extensions": "[2026.3.0, )",
          "OneOf": "[3.0.271, )",
          "SkiaSharp": "[4.152.0, )",
          "SkiaSharp.NativeAssets.Linux": "[4.152.0, )",
          "SkiaSharp.NativeAssets.WebAssembly": "[4.152.0, )",
          "SkiaSharp.NativeAssets.Win32": "[4.152.0, )",
          "SkiaSharp.NativeAssets.macOS": "[4.152.0, )"
        }
      },
      "neokolors.extensions": {
        "type": "Project",
        "dependencies": {
          "Implyzer": "[2026.5.4, )",
          "JetBrains.Annotations": "[2026.2.0, )",
          "Metriks": "[2026.3.0, )",
          "System.Collections.Immutable": "[10.0.12, )"
        }
      }
    },
    "net8.0": {
      "Google.FlatBuffers": {
        "type": "Direct",
        "requested": "[25.2.10, )",
        "resolved": "25.2.10",
        "contentHash": "z3ykbSRsy6oqMzeZ84a+K8rnMJ/ysVikar8r2yUhHz0HSxIjBpj53mZvpu6LjLEm5fLLWQsCdelJwL1nu7lloA=="
      },
      "HasFlagExtension.Generator": {
        "type": "Direct",
        "requested": "[2026.3.2, )",
        "resolved": "2026.3.2",
        "contentHash": "OFypFEntMPjHWUpu/zTHTpWXfIEZipu2MhJ+M/ffyWDSQ5FBVLxi4ytakyL2BGVQlbtj8C7LhaSkIrkMkVCfeg==",
        "dependencies": {
          "Microsoft.CodeAnalysis.CSharp": "5.9.0"
        }
      },
      "Implyzer": {
        "type": "Direct",
        "requested": "[2026.5.4, )",
        "resolved": "2026.5.4",
        "contentHash": "TAqwPQKqnBUpXgVUCbHJgpKCfJ71/2ZInzWFFhi2tMspXql1B4lVlxfXqO/KhuN88bxPp2yUh49Ng7UOV8FHxQ=="
      },
      "JetBrains.Annotations": {
        "type": "Direct",
        "requested": "[2026.2.0, )",
        "resolved": "2026.2.0",
        "contentHash": "drvAEaI7Xf4wU6dx4UTB9MoZWXZlraaQ0qoeThPQ411FxNhId7QdUTukIC9I8aUHP0ycAaGwZNKqSvfOZQvUlg=="
      },
      "MessagePack": {
        "type": "Direct",
        "requested": "[3.1.8, )",
        "resolved": "3.1.8",
        "contentHash": "Qk2q+9FVxnMSp+NQ9y3SLz3HqWe7Rg3KRMHhBX28FkKUoOeP9YIU86mA4pFOxDDjUIRA9e7Ssbxs/LwWUcAzPw==",
        "dependencies": {
          "MessagePack.Annotations": "3.1.8",
          "MessagePackAnalyzer": "3.1.8",
          "Microsoft.NET.StringTools": "17.11.4"
        }
      },
      "Microsoft.Extensions.Logging.Abstractions": {
        "type": "Direct",
        "requested": "[10.0.12, )",
        "resolved": "10.0.12",
        "contentHash": "+24lC4plfbEDNfLAdTV/SWKS7dW+16X4HdydO3R++134kSNTzcbYA4KpR1Hdh6uWisB8Za3AzwyOn+K+NxWIug==",
        "dependencies": {
          "Microsoft.Extensions.DependencyInjection.Abstractions": "10.0.12",
          "System.Diagnostics.DiagnosticSource": "10.0.12"
        }
      },
      "Newtonsoft.Json": {
        "type": "Direct",
        "requested": "[13.0.4, )",
        "resolved": "13.0.4",
        "contentHash": "pdgNNMai3zv51W5aq268sujXUyx7SNdE2bj1wZcWjAQrKMFZV260lbqYop1d2GM67JI1huLRwxo9ZqnfF/lC6A=="
      },
      "Polyfill": {
        "type": "Direct",
        "requested": "[11.3.0, )",
        "resolved": "11.3.0",
        "contentHash": "bSmvuJftFcVuh6dn3TL3upLzk5rNuFZgzuZgM+7YGOvTL3xihd038i1IpqywikM/2Jnh/TOc+DIWGhfjTEjMHA=="
      },
      "IParsablePolyfill": {
        "type": "Transitive",
        "resolved": "2026.3.0.3",
        "contentHash": "JkWrRD3eS3Uo2UvEJwBrCDBIwzMWzWVs5H86GvADgg9aaJwmAp/G/qa0rkV+UUh2J/T6Rpxhi+GSsrdW3YhZpQ==",
        "dependencies": {
          "Implyzer": "2026.5.4"
        }
      },
      "MessagePack.Annotations": {
        "type": "Transitive",
        "resolved": "3.1.8",
        "contentHash": "SitOtZ4tOlAZZPF7p52M7143F+Cuz7o/aU0MrtAXX0+ZkPXzDNroOFhzzE2ogMFThsoEW/E6akXVVcBFM9ZKaw=="
      },
      "MessagePackAnalyzer": {
        "type": "Transitive",
        "resolved": "3.1.8",
        "contentHash": "Vm4g0cR4YRKRchEOmMJ0uVFU6yxdg7cJa2KHv3SUAHEsdYKvMpHMF5A1hZfsix89ymD5cmuzRnw9a6dKMcvq+Q=="
      },
      "Metriks": {
        "type": "Transitive",
        "resolved": "2026.3.0",
        "contentHash": "4eWxns2gvXbpKzq98g+TXwEVeDq4PTQg7oQdqgn1uTVvwxnMJMOhkp1yWCfVlwpOw1nPpzu7Kj9UEXFuDKs6SQ==",
        "dependencies": {
          "JetBrains.Annotations": "2026.2.0"
        }
      },
      "Microsoft.CodeAnalysis.Analyzers": {
        "type": "Transitive",
        "resolved": "5.9.0-1.26328.17",
        "contentHash": "HP9NNk8ZjOSI2hgOyXnQg+kv7/X837Vr2nAlXiGAtqtYnYKjRRa1UmQFr8KFs5ynGYKqfbb8zB9APoWjiAGdMg=="
      },
      "Microsoft.CodeAnalysis.Common": {
        "type": "Transitive",
        "resolved": "5.9.0",
        "contentHash": "IYaIaUWdIx539AReKZOBEqTskFusZfCh/wFSPilDvCn5Say8MegLw2LONcSIcVy+v3Gzv53qYBspgvBGSErfbQ==",
        "dependencies": {
          "Microsoft.CodeAnalysis.Analyzers": "5.9.0-1.26328.17",
          "System.Collections.Immutable": "10.0.1",
          "System.Reflection.Metadata": "10.0.1"
        }
      },
      "Microsoft.CodeAnalysis.CSharp": {
        "type": "Transitive",
        "resolved": "5.9.0",
        "contentHash": "7JGDA0UT1+h7k9ZcA3rF4eFC8+QPq1xyYaXxag4p8r/zzPurEJxvdi7aM+MRL/SfP7XADXpWF/pl/eUYXOq/ww==",
        "dependencies": {
          "Microsoft.CodeAnalysis.Analyzers": "5.9.0-1.26328.17",
          "Microsoft.CodeAnalysis.Common": "[5.9.0]",
          "System.Collections.Immutable": "10.0.1",
          "System.Reflection.Metadata": "10.0.1"
        }
      },
      "Microsoft.Extensions.DependencyInjection.Abstractions": {
        "type": "Transitive",
        "resolved": "10.0.12",
        "contentHash": "9/qymSh7hVDMGTGwrLz8MRp5zRyXy9adGDOs4HwRdnLil3oZGYuWeZjbmHgCQ9BL1qBroVfgUK3U/nb61617Cw=="
      },
      "Microsoft.NET.StringTools": {
        "type": "Transitive",
        "resolved": "17.11.4",
        "contentHash": "mudqUHhNpeqIdJoUx2YDWZO/I9uEDYVowan89R6wsomfnUJQk6HteoQTlNjZDixhT2B4IXMkMtgZtoceIjLRmA=="
      },
      "OneOf": {
        "type": "Transitive",
        "resolved": "3.0.271",
        "contentHash": "pqpqeK8xQGggExhr4tesVgJkjdn+9HQAO0QgrYV2hFjE3y90okzk1kQMntMiUOGfV7FrCUfKPaVvPBD4IANqKg=="
      },
      "SkiaSharp": {
        "type": "Transitive",
        "resolved": "4.152.0",
        "contentHash": "TfYpxUV/Ihe5WyGeddJROZA2RhfGaSEKKNDHhREUVCVihtTlcavHQEi29Q0Mtn37AYXAf7EbC+StVPmWk63tkQ==",
        "dependencies": {
          "SkiaSharp.NativeAssets.Win32": "4.152.0",
          "SkiaSharp.NativeAssets.macOS": "4.152.0"
        }
      },
      "SkiaSharp.NativeAssets.Linux": {
        "type": "Transitive",
        "resolved": "4.152.0",
        "contentHash": "B3713AE9SBHD55nMsaPlXY2C+GvsPsG50SxM/7iYayCvR3WqrQfgrSD4w/cJ9azGVrqrD2mx64esAQxVqK16dA=="
      },
      "SkiaSharp.NativeAssets.macOS": {
        "type": "Transitive",
        "resolved": "4.152.0",
        "contentHash": "Vjx2sPleQDJXQjINxMzHaIU1KFyYAUerfBnwLAjMGSUCf0vCrSU2Y4LvCH0yAheeuu0YdlVfeSMiCKZYVJ12kA=="
      },
      "SkiaSharp.NativeAssets.WebAssembly": {
        "type": "Transitive",
        "resolved": "4.152.0",
        "contentHash": "lUTqmbhJ3TgaCKOA4WtT5Y8QLXljB4tiT1Tsf6hrWjnrT/kSyfQOx6/lnPoH9TVqu1tKnioIqqO3zbdbi4F0rw=="
      },
      "SkiaSharp.NativeAssets.Win32": {
        "type": "Transitive",
        "resolved": "4.152.0",
        "contentHash": "PfyLS6TRP/9YghtW97le8bkzootCietlt7QUqFKGjGcZ6eRjeWNNHCjvxO41O/LYpV4gCthp2xiiUiYTOqfVyA=="
      },
      "System.Collections.Immutable": {
        "type": "Transitive",
        "resolved": "10.0.12",
        "contentHash": "tRMzrybcwEEaudfpL9ghzfnSjEVVuhKa5sR86q30mYxXJdcKOLSBkpMFm62CGsbB50diPZta73Pxu8DgjGdDbA=="
      },
      "System.Diagnostics.DiagnosticSource": {
        "type": "Transitive",
        "resolved": "10.0.12",
        "contentHash": "CRZTWYO0rzEcJN/6SuN1kMvQOJT7vyHZ64CCkQs0RRWTj7kH2KMkaMalbsbSI/eg5dS5JAQfQFFuuWgn+XRMsQ=="
      },
      "System.Reflection.Metadata": {
        "type": "Transitive",
        "resolved": "10.0.1",
        "contentHash": "zpcfT/wacPPhE17zcudozlxQtWN/84qyiMyZNGLnK4cj2IMBtLsZYwYjVnALUhPliwyUVj/P7kaZvBWYBCnf2Q==",
        "dependencies": {
          "System.Collections.Immutable": "10.0.1"
        }
      },
      "neokolors.common": {
        "type": "Project",
        "dependencies": {
          "IParsablePolyfill": "[2026.3.0.3, )",
          "Implyzer": "[2026.5.4, )",
          "JetBrains.Annotations": "[2026.2.0, )",
          "MessagePack": "[3.1.8, )",
          "NeoKolors.Extensions": "[2026.3.0, )",
          "OneOf": "[3.0.271, )",
          "SkiaSharp": "[4.152.0, )",
          "SkiaSharp.NativeAssets.Linux": "[4.152.0, )",
          "SkiaSharp.NativeAssets.WebAssembly": "[4.152.0, )",
          "SkiaSharp.NativeAssets.Win32": "[4.152.0, )",
          "SkiaSharp.NativeAssets.macOS": "[4.152.0, )"
        }
      },
      "neokolors.extensions": {
        "type": "Project",
        "dependencies": {
          "Implyzer": "[2026.5.4, )",
          "JetBrains.Annotations": "[2026.2.0, )",
          "Metriks": "[2026.3.0, )",
          "System.Collections.Immutable": "[10.0.12, )"
        }
      }
    }
  }
}